[0m[1mmodule.networking.data.aws_route53_zone.primary_domain: Reading...[0m[0m
[0m[1mmodule.networking.data.aws_availability_zones.available: Reading...[0m[0m
[0m[1mmodule.k8s.module.eks.data.aws_caller_identity.current: Reading...[0m[0m
[0m[1mmodule.k8s.module.eks.module.eks_managed_node_group["group_2"].data.aws_partition.current: Reading...[0m[0m
[0m[1mmodule.k8s.module.eks.module.eks_managed_node_group["group_1"].data.aws_partition.current: Reading...[0m[0m
[0m[1mmodule.k8s.module.eks.module.kms.data.aws_partition.current: Reading...[0m[0m
[0m[1mmodule.k8s.module.iam_iam-assumable-role-with-oidc.data.aws_partition.current: Reading...[0m[0m
[0m[1mmodule.k8s.module.iam_iam-assumable-role-with-oidc.data.aws_caller_identity.current: Reading...[0m[0m
[0m[1mmodule.k8s.module.eks.module.kms.data.aws_partition.current: Read complete after 0s [id=aws][0m
[0m[1mmodule.k8s.module.eks.module.eks_managed_node_group["group_1"].data.aws_partition.current: Read complete after 0s [id=aws][0m
[0m[1mmodule.k8s.module.eks.module.eks_managed_node_group["group_2"].data.aws_partition.current: Read complete after 0s [id=aws][0m
[0m[1mmodule.k8s.module.iam_iam-assumable-role-with-oidc.data.aws_partition.current: Read complete after 0s [id=aws][0m
[0m[1mmodule.k8s.module.eks.data.aws_partition.current: Reading...[0m[0m
[0m[1mmodule.k8s.module.eks.module.eks_managed_node_group["group_1"].data.aws_caller_identity.current: Reading...[0m[0m
[0m[1mmodule.k8s.module.eks.module.eks_managed_node_group["group_2"].data.aws_caller_identity.current: Reading...[0m[0m
[0m[1mmodule.k8s.module.eks.data.aws_partition.current: Read complete after 0s [id=aws][0m
[0m[1mmodule.k8s.module.eks.module.kms.data.aws_caller_identity.current: Reading...[0m[0m
[0m[1mmodule.k8s.module.eks.data.aws_iam_policy_document.assume_role_policy[0]: Reading...[0m[0m
[0m[1mmodule.k8s.module.eks.data.aws_iam_policy_document.assume_role_policy[0]: Read complete after 0s [id=2764486067][0m
[0m[1mmodule.k8s.module.eks.module.eks_managed_node_group["group_2"].data.aws_iam_policy_document.assume_role_policy[0]: Reading...[0m[0m
[0m[1mmodule.k8s.module.eks.module.eks_managed_node_group["group_1"].data.aws_iam_policy_document.assume_role_policy[0]: Reading...[0m[0m
[0m[1mmodule.k8s.module.eks.module.eks_managed_node_group["group_2"].data.aws_iam_policy_document.assume_role_policy[0]: Read complete after 0s [id=2560088296][0m
[0m[1mmodule.k8s.module.eks.module.eks_managed_node_group["group_1"].data.aws_iam_policy_document.assume_role_policy[0]: Read complete after 0s [id=2560088296][0m
[0m[1mmodule.k8s.module.iam_iam-assumable-role-with-oidc.data.aws_caller_identity.current: Read complete after 1s [id=015098999341][0m
[0m[1mmodule.k8s.module.eks.module.kms.data.aws_caller_identity.current: Read complete after 1s [id=015098999341][0m
[0m[1mmodule.k8s.module.eks.module.eks_managed_node_group["group_1"].data.aws_caller_identity.current: Read complete after 1s [id=015098999341][0m
[0m[1mmodule.k8s.module.eks.data.aws_caller_identity.current: Read complete after 1s [id=015098999341][0m
[0m[1mmodule.k8s.module.eks.data.aws_iam_session_context.current: Reading...[0m[0m
[0m[1mmodule.k8s.module.eks.data.aws_iam_session_context.current: Read complete after 0s [id=arn:aws:iam::015098999341:user/evgy][0m
[0m[1mmodule.k8s.module.eks.module.eks_managed_node_group["group_2"].data.aws_caller_identity.current: Read complete after 1s [id=015098999341][0m
[0m[1mmodule.networking.data.aws_availability_zones.available: Read complete after 1s [id=us-east-2][0m
[0m[1mmodule.networking.data.aws_route53_zone.primary_domain: Read complete after 2s [id=Z004471932NN3NT87S5M7][0m

Terraform used the selected providers to generate the following execution
plan. Resource actions are indicated with the following symbols:
  [32m+[0m create[0m
 [36m<=[0m read (data resources)[0m

Terraform will perform the following actions:

[1m  # module.consul.aws_alb_target_group.consul_server[0m will be created
[0m  [32m+[0m[0m resource "aws_alb_target_group" "consul_server" {
      [32m+[0m[0m arn                                = (known after apply)
      [32m+[0m[0m arn_suffix                         = (known after apply)
      [32m+[0m[0m connection_termination             = false
      [32m+[0m[0m deregistration_delay               = "300"
      [32m+[0m[0m id                                 = (known after apply)
      [32m+[0m[0m ip_address_type                    = (known after apply)
      [32m+[0m[0m lambda_multi_value_headers_enabled = false
      [32m+[0m[0m load_balancing_algorithm_type      = (known after apply)
      [32m+[0m[0m load_balancing_cross_zone_enabled  = (known after apply)
      [32m+[0m[0m name                               = "consul-server-target-group"
      [32m+[0m[0m port                               = 8500
      [32m+[0m[0m preserve_client_ip                 = (known after apply)
      [32m+[0m[0m protocol                           = "HTTP"
      [32m+[0m[0m protocol_version                   = (known after apply)
      [32m+[0m[0m proxy_protocol_v2                  = false
      [32m+[0m[0m slow_start                         = 0
      [32m+[0m[0m tags_all                           = (known after apply)
      [32m+[0m[0m target_type                        = "instance"
      [32m+[0m[0m vpc_id                             = (known after apply)
    }

[1m  # module.consul.aws_alb_target_group_attachment.consul_server[0][0m will be created
[0m  [32m+[0m[0m resource "aws_alb_target_group_attachment" "consul_server" {
      [32m+[0m[0m id               = (known after apply)
      [32m+[0m[0m port             = 8500
      [32m+[0m[0m target_group_arn = (known after apply)
      [32m+[0m[0m target_id        = (known after apply)
    }

[1m  # module.consul.aws_alb_target_group_attachment.consul_server[1][0m will be created
[0m  [32m+[0m[0m resource "aws_alb_target_group_attachment" "consul_server" {
      [32m+[0m[0m id               = (known after apply)
      [32m+[0m[0m port             = 8500
      [32m+[0m[0m target_group_arn = (known after apply)
      [32m+[0m[0m target_id        = (known after apply)
    }

[1m  # module.consul.aws_alb_target_group_attachment.consul_server[2][0m will be created
[0m  [32m+[0m[0m resource "aws_alb_target_group_attachment" "consul_server" {
      [32m+[0m[0m id               = (known after apply)
      [32m+[0m[0m port             = 8500
      [32m+[0m[0m target_group_arn = (known after apply)
      [32m+[0m[0m target_id        = (known after apply)
    }

[1m  # module.consul.aws_iam_instance_profile.consul-join[0m will be created
[0m  [32m+[0m[0m resource "aws_iam_instance_profile" "consul-join" {
      [32m+[0m[0m arn         = (known after apply)
      [32m+[0m[0m create_date = (known after apply)
      [32m+[0m[0m id          = (known after apply)
      [32m+[0m[0m name        = "opsschool-consul-join"
      [32m+[0m[0m name_prefix = (known after apply)
      [32m+[0m[0m path        = "/"
      [32m+[0m[0m role        = "opsschool-consul-join"
      [32m+[0m[0m tags_all    = (known after apply)
      [32m+[0m[0m unique_id   = (known after apply)
    }

[1m  # module.consul.aws_iam_policy.consul-join[0m will be created
[0m  [32m+[0m[0m resource "aws_iam_policy" "consul-join" {
      [32m+[0m[0m arn         = (known after apply)
      [32m+[0m[0m description = "Allows Consul nodes to describe instances for joining."
      [32m+[0m[0m id          = (known after apply)
      [32m+[0m[0m name        = "opsschool-consul-join"
      [32m+[0m[0m name_prefix = (known after apply)
      [32m+[0m[0m path        = "/"
      [32m+[0m[0m policy      = jsonencode(
            {
              [32m+[0m[0m Statement = [
                  [32m+[0m[0m {
                      [32m+[0m[0m Action   = "ec2:DescribeInstances"
                      [32m+[0m[0m Effect   = "Allow"
                      [32m+[0m[0m Resource = "*"
                    },
                ]
              [32m+[0m[0m Version   = "2012-10-17"
            }
        )
      [32m+[0m[0m policy_id   = (known after apply)
      [32m+[0m[0m tags_all    = (known after apply)
    }

[1m  # module.consul.aws_iam_policy_attachment.consul-join[0m will be created
[0m  [32m+[0m[0m resource "aws_iam_policy_attachment" "consul-join" {
      [32m+[0m[0m id         = (known after apply)
      [32m+[0m[0m name       = "opsschool-consul-join"
      [32m+[0m[0m policy_arn = (known after apply)
      [32m+[0m[0m roles      = [
          [32m+[0m[0m "opsschool-consul-join",
        ]
    }

[1m  # module.consul.aws_iam_role.consul-join[0m will be created
[0m  [32m+[0m[0m resource "aws_iam_role" "consul-join" {
      [32m+[0m[0m arn                   = (known after apply)
      [32m+[0m[0m assume_role_policy    = jsonencode(
            {
              [32m+[0m[0m Statement = [
                  [32m+[0m[0m {
                      [32m+[0m[0m Action    = "sts:AssumeRole"
                      [32m+[0m[0m Effect    = "Allow"
                      [32m+[0m[0m Principal = {
                          [32m+[0m[0m Service = "ec2.amazonaws.com"
                        }
                      [32m+[0m[0m Sid       = ""
                    },
                ]
              [32m+[0m[0m Version   = "2012-10-17"
            }
        )
      [32m+[0m[0m create_date           = (known after apply)
      [32m+[0m[0m force_detach_policies = false
      [32m+[0m[0m id                    = (known after apply)
      [32m+[0m[0m managed_policy_arns   = (known after apply)
      [32m+[0m[0m max_session_duration  = 3600
      [32m+[0m[0m name                  = "opsschool-consul-join"
      [32m+[0m[0m name_prefix           = (known after apply)
      [32m+[0m[0m path                  = "/"
      [32m+[0m[0m tags_all              = (known after apply)
      [32m+[0m[0m unique_id             = (known after apply)
    }

[1m  # module.consul.aws_instance.consul_agent[0][0m will be created
[0m  [32m+[0m[0m resource "aws_instance" "consul_agent" {
      [32m+[0m[0m ami                                  = "ami-0dd9f0e7df0f0a138"
      [32m+[0m[0m arn                                  = (known after apply)
      [32m+[0m[0m associate_public_ip_address          = false
      [32m+[0m[0m availability_zone                    = (known after apply)
      [32m+[0m[0m cpu_core_count                       = (known after apply)
      [32m+[0m[0m cpu_threads_per_core                 = (known after apply)
      [32m+[0m[0m disable_api_stop                     = (known after apply)
      [32m+[0m[0m disable_api_termination              = (known after apply)
      [32m+[0m[0m ebs_optimized                        = (known after apply)
      [32m+[0m[0m get_password_data                    = false
      [32m+[0m[0m host_id                              = (known after apply)
      [32m+[0m[0m host_resource_group_arn              = (known after apply)
      [32m+[0m[0m iam_instance_profile                 = "opsschool-consul-join"
      [32m+[0m[0m id                                   = (known after apply)
      [32m+[0m[0m instance_initiated_shutdown_behavior = (known after apply)
      [32m+[0m[0m instance_lifecycle                   = (known after apply)
      [32m+[0m[0m instance_state                       = (known after apply)
      [32m+[0m[0m instance_type                        = "t2.micro"
      [32m+[0m[0m ipv6_address_count                   = (known after apply)
      [32m+[0m[0m ipv6_addresses                       = (known after apply)
      [32m+[0m[0m key_name                             = (known after apply)
      [32m+[0m[0m monitoring                           = (known after apply)
      [32m+[0m[0m outpost_arn                          = (known after apply)
      [32m+[0m[0m password_data                        = (known after apply)
      [32m+[0m[0m placement_group                      = (known after apply)
      [32m+[0m[0m placement_partition_number           = (known after apply)
      [32m+[0m[0m primary_network_interface_id         = (known after apply)
      [32m+[0m[0m private_dns                          = (known after apply)
      [32m+[0m[0m private_ip                           = (known after apply)
      [32m+[0m[0m public_dns                           = (known after apply)
      [32m+[0m[0m public_ip                            = (known after apply)
      [32m+[0m[0m secondary_private_ips                = (known after apply)
      [32m+[0m[0m security_groups                      = (known after apply)
      [32m+[0m[0m source_dest_check                    = true
      [32m+[0m[0m spot_instance_request_id             = (known after apply)
      [32m+[0m[0m subnet_id                            = (known after apply)
      [32m+[0m[0m tags                                 = {
          [32m+[0m[0m "Name"        = "Consul-agent"
          [32m+[0m[0m "environment" = "production"
          [32m+[0m[0m "port"        = "80"
          [32m+[0m[0m "role"        = "ngnx"
        }
      [32m+[0m[0m tags_all                             = {
          [32m+[0m[0m "Name"        = "Consul-agent"
          [32m+[0m[0m "environment" = "production"
          [32m+[0m[0m "port"        = "80"
          [32m+[0m[0m "role"        = "ngnx"
        }
      [32m+[0m[0m tenancy                              = (known after apply)
      [32m+[0m[0m user_data                            = "6d068818f81edff9d6b2b4928236506021e2b54a"
      [32m+[0m[0m user_data_base64                     = (known after apply)
      [32m+[0m[0m user_data_replace_on_change          = false
      [32m+[0m[0m vpc_security_group_ids               = (known after apply)
    }

[1m  # module.consul.aws_instance.consul_server[0][0m will be created
[0m  [32m+[0m[0m resource "aws_instance" "consul_server" {
      [32m+[0m[0m ami                                  = "ami-0dd9f0e7df0f0a138"
      [32m+[0m[0m arn                                  = (known after apply)
      [32m+[0m[0m associate_public_ip_address          = (known after apply)
      [32m+[0m[0m availability_zone                    = "us-east-2a"
      [32m+[0m[0m cpu_core_count                       = (known after apply)
      [32m+[0m[0m cpu_threads_per_core                 = (known after apply)
      [32m+[0m[0m disable_api_stop                     = (known after apply)
      [32m+[0m[0m disable_api_termination              = (known after apply)
      [32m+[0m[0m ebs_optimized                        = (known after apply)
      [32m+[0m[0m get_password_data                    = false
      [32m+[0m[0m host_id                              = (known after apply)
      [32m+[0m[0m host_resource_group_arn              = (known after apply)
      [32m+[0m[0m iam_instance_profile                 = "opsschool-consul-join"
      [32m+[0m[0m id                                   = (known after apply)
      [32m+[0m[0m instance_initiated_shutdown_behavior = (known after apply)
      [32m+[0m[0m instance_lifecycle                   = (known after apply)
      [32m+[0m[0m instance_state                       = (known after apply)
      [32m+[0m[0m instance_type                        = "t2.micro"
      [32m+[0m[0m ipv6_address_count                   = (known after apply)
      [32m+[0m[0m ipv6_addresses                       = (known after apply)
      [32m+[0m[0m key_name                             = (known after apply)
      [32m+[0m[0m monitoring                           = (known after apply)
      [32m+[0m[0m outpost_arn                          = (known after apply)
      [32m+[0m[0m password_data                        = (known after apply)
      [32m+[0m[0m placement_group                      = (known after apply)
      [32m+[0m[0m placement_partition_number           = (known after apply)
      [32m+[0m[0m primary_network_interface_id         = (known after apply)
      [32m+[0m[0m private_dns                          = (known after apply)
      [32m+[0m[0m private_ip                           = (known after apply)
      [32m+[0m[0m public_dns                           = (known after apply)
      [32m+[0m[0m public_ip                            = (known after apply)
      [32m+[0m[0m secondary_private_ips                = (known after apply)
      [32m+[0m[0m security_groups                      = (known after apply)
      [32m+[0m[0m source_dest_check                    = true
      [32m+[0m[0m spot_instance_request_id             = (known after apply)
      [32m+[0m[0m subnet_id                            = (known after apply)
      [32m+[0m[0m tags                                 = {
          [32m+[0m[0m "Name"          = "Consul-Server_0"
          [32m+[0m[0m "consul_server" = "true"
          [32m+[0m[0m "environment"   = "production"
          [32m+[0m[0m "role"          = "consul_server_0"
        }
      [32m+[0m[0m tags_all                             = {
          [32m+[0m[0m "Name"          = "Consul-Server_0"
          [32m+[0m[0m "consul_server" = "true"
          [32m+[0m[0m "environment"   = "production"
          [32m+[0m[0m "role"          = "consul_server_0"
        }
      [32m+[0m[0m tenancy                              = (known after apply)
      [32m+[0m[0m user_data                            = "091c1e946a0b9b0f196c5950b31d7b43e466e6db"
      [32m+[0m[0m user_data_base64                     = (known after apply)
      [32m+[0m[0m user_data_replace_on_change          = false
      [32m+[0m[0m vpc_security_group_ids               = (known after apply)
    }

[1m  # module.consul.aws_instance.consul_server[1][0m will be created
[0m  [32m+[0m[0m resource "aws_instance" "consul_server" {
      [32m+[0m[0m ami                                  = "ami-0dd9f0e7df0f0a138"
      [32m+[0m[0m arn                                  = (known after apply)
      [32m+[0m[0m associate_public_ip_address          = (known after apply)
      [32m+[0m[0m availability_zone                    = "us-east-2b"
      [32m+[0m[0m cpu_core_count                       = (known after apply)
      [32m+[0m[0m cpu_threads_per_core                 = (known after apply)
      [32m+[0m[0m disable_api_stop                     = (known after apply)
      [32m+[0m[0m disable_api_termination              = (known after apply)
      [32m+[0m[0m ebs_optimized                        = (known after apply)
      [32m+[0m[0m get_password_data                    = false
      [32m+[0m[0m host_id                              = (known after apply)
      [32m+[0m[0m host_resource_group_arn              = (known after apply)
      [32m+[0m[0m iam_instance_profile                 = "opsschool-consul-join"
      [32m+[0m[0m id                                   = (known after apply)
      [32m+[0m[0m instance_initiated_shutdown_behavior = (known after apply)
      [32m+[0m[0m instance_lifecycle                   = (known after apply)
      [32m+[0m[0m instance_state                       = (known after apply)
      [32m+[0m[0m instance_type                        = "t2.micro"
      [32m+[0m[0m ipv6_address_count                   = (known after apply)
      [32m+[0m[0m ipv6_addresses                       = (known after apply)
      [32m+[0m[0m key_name                             = (known after apply)
      [32m+[0m[0m monitoring                           = (known after apply)
      [32m+[0m[0m outpost_arn                          = (known after apply)
      [32m+[0m[0m password_data                        = (known after apply)
      [32m+[0m[0m placement_group                      = (known after apply)
      [32m+[0m[0m placement_partition_number           = (known after apply)
      [32m+[0m[0m primary_network_interface_id         = (known after apply)
      [32m+[0m[0m private_dns                          = (known after apply)
      [32m+[0m[0m private_ip                           = (known after apply)
      [32m+[0m[0m public_dns                           = (known after apply)
      [32m+[0m[0m public_ip                            = (known after apply)
      [32m+[0m[0m secondary_private_ips                = (known after apply)
      [32m+[0m[0m security_groups                      = (known after apply)
      [32m+[0m[0m source_dest_check                    = true
      [32m+[0m[0m spot_instance_request_id             = (known after apply)
      [32m+[0m[0m subnet_id                            = (known after apply)
      [32m+[0m[0m tags                                 = {
          [32m+[0m[0m "Name"          = "Consul-Server_1"
          [32m+[0m[0m "consul_server" = "true"
          [32m+[0m[0m "environment"   = "production"
          [32m+[0m[0m "role"          = "consul_server_1"
        }
      [32m+[0m[0m tags_all                             = {
          [32m+[0m[0m "Name"          = "Consul-Server_1"
          [32m+[0m[0m "consul_server" = "true"
          [32m+[0m[0m "environment"   = "production"
          [32m+[0m[0m "role"          = "consul_server_1"
        }
      [32m+[0m[0m tenancy                              = (known after apply)
      [32m+[0m[0m user_data                            = "091c1e946a0b9b0f196c5950b31d7b43e466e6db"
      [32m+[0m[0m user_data_base64                     = (known after apply)
      [32m+[0m[0m user_data_replace_on_change          = false
      [32m+[0m[0m vpc_security_group_ids               = (known after apply)
    }

[1m  # module.consul.aws_instance.consul_server[2][0m will be created
[0m  [32m+[0m[0m resource "aws_instance" "consul_server" {
      [32m+[0m[0m ami                                  = "ami-0dd9f0e7df0f0a138"
      [32m+[0m[0m arn                                  = (known after apply)
      [32m+[0m[0m associate_public_ip_address          = (known after apply)
      [32m+[0m[0m availability_zone                    = "us-east-2a"
      [32m+[0m[0m cpu_core_count                       = (known after apply)
      [32m+[0m[0m cpu_threads_per_core                 = (known after apply)
      [32m+[0m[0m disable_api_stop                     = (known after apply)
      [32m+[0m[0m disable_api_termination              = (known after apply)
      [32m+[0m[0m ebs_optimized                        = (known after apply)
      [32m+[0m[0m get_password_data                    = false
      [32m+[0m[0m host_id                              = (known after apply)
      [32m+[0m[0m host_resource_group_arn              = (known after apply)
      [32m+[0m[0m iam_instance_profile                 = "opsschool-consul-join"
      [32m+[0m[0m id                                   = (known after apply)
      [32m+[0m[0m instance_initiated_shutdown_behavior = (known after apply)
      [32m+[0m[0m instance_lifecycle                   = (known after apply)
      [32m+[0m[0m instance_state                       = (known after apply)
      [32m+[0m[0m instance_type                        = "t2.micro"
      [32m+[0m[0m ipv6_address_count                   = (known after apply)
      [32m+[0m[0m ipv6_addresses                       = (known after apply)
      [32m+[0m[0m key_name                             = (known after apply)
      [32m+[0m[0m monitoring                           = (known after apply)
      [32m+[0m[0m outpost_arn                          = (known after apply)
      [32m+[0m[0m password_data                        = (known after apply)
      [32m+[0m[0m placement_group                      = (known after apply)
      [32m+[0m[0m placement_partition_number           = (known after apply)
      [32m+[0m[0m primary_network_interface_id         = (known after apply)
      [32m+[0m[0m private_dns                          = (known after apply)
      [32m+[0m[0m private_ip                           = (known after apply)
      [32m+[0m[0m public_dns                           = (known after apply)
      [32m+[0m[0m public_ip                            = (known after apply)
      [32m+[0m[0m secondary_private_ips                = (known after apply)
      [32m+[0m[0m security_groups                      = (known after apply)
      [32m+[0m[0m source_dest_check                    = true
      [32m+[0m[0m spot_instance_request_id             = (known after apply)
      [32m+[0m[0m subnet_id                            = (known after apply)
      [32m+[0m[0m tags                                 = {
          [32m+[0m[0m "Name"          = "Consul-Server_2"
          [32m+[0m[0m "consul_server" = "true"
          [32m+[0m[0m "environment"   = "production"
          [32m+[0m[0m "role"          = "consul_server_2"
        }
      [32m+[0m[0m tags_all                             = {
          [32m+[0m[0m "Name"          = "Consul-Server_2"
          [32m+[0m[0m "consul_server" = "true"
          [32m+[0m[0m "environment"   = "production"
          [32m+[0m[0m "role"          = "consul_server_2"
        }
      [32m+[0m[0m tenancy                              = (known after apply)
      [32m+[0m[0m user_data                            = "091c1e946a0b9b0f196c5950b31d7b43e466e6db"
      [32m+[0m[0m user_data_base64                     = (known after apply)
      [32m+[0m[0m user_data_replace_on_change          = false
      [32m+[0m[0m vpc_security_group_ids               = (known after apply)
    }

[1m  # module.consul.aws_security_group.opsschool_consul[0m will be created
[0m  [32m+[0m[0m resource "aws_security_group" "opsschool_consul" {
      [32m+[0m[0m arn                    = (known after apply)
      [32m+[0m[0m description            = "Allow ssh & consul inbound traffic"
      [32m+[0m[0m egress                 = [
          [32m+[0m[0m {
              [32m+[0m[0m cidr_blocks      = [
                  [32m+[0m[0m "0.0.0.0/0",
                ]
              [32m+[0m[0m description      = "Allow all outside security group"
              [32m+[0m[0m from_port        = 0
              [32m+[0m[0m ipv6_cidr_blocks = []
              [32m+[0m[0m prefix_list_ids  = []
              [32m+[0m[0m protocol         = "-1"
              [32m+[0m[0m security_groups  = []
              [32m+[0m[0m self             = false
              [32m+[0m[0m to_port          = 0
            },
        ]
      [32m+[0m[0m id                     = (known after apply)
      [32m+[0m[0m ingress                = [
          [32m+[0m[0m {
              [32m+[0m[0m cidr_blocks      = [
                  [32m+[0m[0m "0.0.0.0/0",
                ]
              [32m+[0m[0m description      = ""
              [32m+[0m[0m from_port        = 8300
              [32m+[0m[0m ipv6_cidr_blocks = []
              [32m+[0m[0m prefix_list_ids  = []
              [32m+[0m[0m protocol         = "tcp"
              [32m+[0m[0m security_groups  = []
              [32m+[0m[0m self             = false
              [32m+[0m[0m to_port          = 8300
            },
          [32m+[0m[0m {
              [32m+[0m[0m cidr_blocks      = [
                  [32m+[0m[0m "0.0.0.0/0",
                ]
              [32m+[0m[0m description      = ""
              [32m+[0m[0m from_port        = 8301
              [32m+[0m[0m ipv6_cidr_blocks = []
              [32m+[0m[0m prefix_list_ids  = []
              [32m+[0m[0m protocol         = "tcp"
              [32m+[0m[0m security_groups  = []
              [32m+[0m[0m self             = false
              [32m+[0m[0m to_port          = 8301
            },
          [32m+[0m[0m {
              [32m+[0m[0m cidr_blocks      = [
                  [32m+[0m[0m "0.0.0.0/0",
                ]
              [32m+[0m[0m description      = ""
              [32m+[0m[0m from_port        = 8301
              [32m+[0m[0m ipv6_cidr_blocks = []
              [32m+[0m[0m prefix_list_ids  = []
              [32m+[0m[0m protocol         = "udp"
              [32m+[0m[0m security_groups  = []
              [32m+[0m[0m self             = false
              [32m+[0m[0m to_port          = 8301
            },
          [32m+[0m[0m {
              [32m+[0m[0m cidr_blocks      = [
                  [32m+[0m[0m "0.0.0.0/0",
                ]
              [32m+[0m[0m description      = ""
              [32m+[0m[0m from_port        = 8302
              [32m+[0m[0m ipv6_cidr_blocks = []
              [32m+[0m[0m prefix_list_ids  = []
              [32m+[0m[0m protocol         = "tcp"
              [32m+[0m[0m security_groups  = []
              [32m+[0m[0m self             = false
              [32m+[0m[0m to_port          = 8302
            },
          [32m+[0m[0m {
              [32m+[0m[0m cidr_blocks      = [
                  [32m+[0m[0m "0.0.0.0/0",
                ]
              [32m+[0m[0m description      = ""
              [32m+[0m[0m from_port        = 8302
              [32m+[0m[0m ipv6_cidr_blocks = []
              [32m+[0m[0m prefix_list_ids  = []
              [32m+[0m[0m protocol         = "udp"
              [32m+[0m[0m security_groups  = []
              [32m+[0m[0m self             = false
              [32m+[0m[0m to_port          = 8302
            },
          [32m+[0m[0m {
              [32m+[0m[0m cidr_blocks      = [
                  [32m+[0m[0m "0.0.0.0/0",
                ]
              [32m+[0m[0m description      = ""
              [32m+[0m[0m from_port        = 8600
              [32m+[0m[0m ipv6_cidr_blocks = []
              [32m+[0m[0m prefix_list_ids  = []
              [32m+[0m[0m protocol         = "tcp"
              [32m+[0m[0m security_groups  = []
              [32m+[0m[0m self             = false
              [32m+[0m[0m to_port          = 8600
            },
          [32m+[0m[0m {
              [32m+[0m[0m cidr_blocks      = [
                  [32m+[0m[0m "0.0.0.0/0",
                ]
              [32m+[0m[0m description      = ""
              [32m+[0m[0m from_port        = 8600
              [32m+[0m[0m ipv6_cidr_blocks = []
              [32m+[0m[0m prefix_list_ids  = []
              [32m+[0m[0m protocol         = "udp"
              [32m+[0m[0m security_groups  = []
              [32m+[0m[0m self             = false
              [32m+[0m[0m to_port          = 8600
            },
          [32m+[0m[0m {
              [32m+[0m[0m cidr_blocks      = [
                  [32m+[0m[0m "0.0.0.0/0",
                ]
              [32m+[0m[0m description      = "Allow consul UI access from the world"
              [32m+[0m[0m from_port        = 8500
              [32m+[0m[0m ipv6_cidr_blocks = []
              [32m+[0m[0m prefix_list_ids  = []
              [32m+[0m[0m protocol         = "tcp"
              [32m+[0m[0m security_groups  = []
              [32m+[0m[0m self             = false
              [32m+[0m[0m to_port          = 8500
            },
          [32m+[0m[0m {
              [32m+[0m[0m cidr_blocks      = [
                  [32m+[0m[0m "0.0.0.0/0",
                ]
              [32m+[0m[0m description      = "Allow ssh from the world"
              [32m+[0m[0m from_port        = 22
              [32m+[0m[0m ipv6_cidr_blocks = []
              [32m+[0m[0m prefix_list_ids  = []
              [32m+[0m[0m protocol         = "tcp"
              [32m+[0m[0m security_groups  = []
              [32m+[0m[0m self             = false
              [32m+[0m[0m to_port          = 22
            },
          [32m+[0m[0m {
              [32m+[0m[0m cidr_blocks      = [
                  [32m+[0m[0m "0.0.0.0/0",
                ]
              [32m+[0m[0m description      = "node-exporter"
              [32m+[0m[0m from_port        = 9100
              [32m+[0m[0m ipv6_cidr_blocks = []
              [32m+[0m[0m prefix_list_ids  = []
              [32m+[0m[0m protocol         = "tcp"
              [32m+[0m[0m security_groups  = []
              [32m+[0m[0m self             = false
              [32m+[0m[0m to_port          = 9100
            },
          [32m+[0m[0m {
              [32m+[0m[0m cidr_blocks      = []
              [32m+[0m[0m description      = "Allow all inside security group"
              [32m+[0m[0m from_port        = 0
              [32m+[0m[0m ipv6_cidr_blocks = []
              [32m+[0m[0m prefix_list_ids  = []
              [32m+[0m[0m protocol         = "-1"
              [32m+[0m[0m security_groups  = []
              [32m+[0m[0m self             = true
              [32m+[0m[0m to_port          = 0
            },
        ]
      [32m+[0m[0m name                   = "opsschool-consul"
      [32m+[0m[0m name_prefix            = (known after apply)
      [32m+[0m[0m owner_id               = (known after apply)
      [32m+[0m[0m revoke_rules_on_delete = false
      [32m+[0m[0m tags_all               = (known after apply)
      [32m+[0m[0m vpc_id                 = (known after apply)
    }

[1m  # module.elastic.aws_alb_target_group.elastic_server[0m will be created
[0m  [32m+[0m[0m resource "aws_alb_target_group" "elastic_server" {
      [32m+[0m[0m arn                                = (known after apply)
      [32m+[0m[0m arn_suffix                         = (known after apply)
      [32m+[0m[0m connection_termination             = false
      [32m+[0m[0m deregistration_delay               = "300"
      [32m+[0m[0m id                                 = (known after apply)
      [32m+[0m[0m ip_address_type                    = (known after apply)
      [32m+[0m[0m lambda_multi_value_headers_enabled = false
      [32m+[0m[0m load_balancing_algorithm_type      = (known after apply)
      [32m+[0m[0m load_balancing_cross_zone_enabled  = (known after apply)
      [32m+[0m[0m name                               = "elastic-server-target-group"
      [32m+[0m[0m port                               = 5601
      [32m+[0m[0m preserve_client_ip                 = (known after apply)
      [32m+[0m[0m protocol                           = "HTTP"
      [32m+[0m[0m protocol_version                   = (known after apply)
      [32m+[0m[0m proxy_protocol_v2                  = false
      [32m+[0m[0m slow_start                         = 0
      [32m+[0m[0m tags_all                           = (known after apply)
      [32m+[0m[0m target_type                        = "instance"
      [32m+[0m[0m vpc_id                             = (known after apply)
    }

[1m  # module.elastic.aws_alb_target_group_attachment.elastic_server[0][0m will be created
[0m  [32m+[0m[0m resource "aws_alb_target_group_attachment" "elastic_server" {
      [32m+[0m[0m id               = (known after apply)
      [32m+[0m[0m port             = 5601
      [32m+[0m[0m target_group_arn = (known after apply)
      [32m+[0m[0m target_id        = (known after apply)
    }

[1m  # module.elastic.aws_instance.elastic[0][0m will be created
[0m  [32m+[0m[0m resource "aws_instance" "elastic" {
      [32m+[0m[0m ami                                  = "ami-0dd9f0e7df0f0a138"
      [32m+[0m[0m arn                                  = (known after apply)
      [32m+[0m[0m associate_public_ip_address          = (known after apply)
      [32m+[0m[0m availability_zone                    = (known after apply)
      [32m+[0m[0m cpu_core_count                       = (known after apply)
      [32m+[0m[0m cpu_threads_per_core                 = (known after apply)
      [32m+[0m[0m disable_api_stop                     = (known after apply)
      [32m+[0m[0m disable_api_termination              = (known after apply)
      [32m+[0m[0m ebs_optimized                        = (known after apply)
      [32m+[0m[0m get_password_data                    = false
      [32m+[0m[0m host_id                              = (known after apply)
      [32m+[0m[0m host_resource_group_arn              = (known after apply)
      [32m+[0m[0m iam_instance_profile                 = "opsschool-consul-join"
      [32m+[0m[0m id                                   = (known after apply)
      [32m+[0m[0m instance_initiated_shutdown_behavior = (known after apply)
      [32m+[0m[0m instance_lifecycle                   = (known after apply)
      [32m+[0m[0m instance_state                       = (known after apply)
      [32m+[0m[0m instance_type                        = "t3.medium"
      [32m+[0m[0m ipv6_address_count                   = (known after apply)
      [32m+[0m[0m ipv6_addresses                       = (known after apply)
      [32m+[0m[0m key_name                             = (known after apply)
      [32m+[0m[0m monitoring                           = (known after apply)
      [32m+[0m[0m outpost_arn                          = (known after apply)
      [32m+[0m[0m password_data                        = (known after apply)
      [32m+[0m[0m placement_group                      = (known after apply)
      [32m+[0m[0m placement_partition_number           = (known after apply)
      [32m+[0m[0m primary_network_interface_id         = (known after apply)
      [32m+[0m[0m private_dns                          = (known after apply)
      [32m+[0m[0m private_ip                           = (known after apply)
      [32m+[0m[0m public_dns                           = (known after apply)
      [32m+[0m[0m public_ip                            = (known after apply)
      [32m+[0m[0m secondary_private_ips                = (known after apply)
      [32m+[0m[0m security_groups                      = (known after apply)
      [32m+[0m[0m source_dest_check                    = true
      [32m+[0m[0m spot_instance_request_id             = (known after apply)
      [32m+[0m[0m subnet_id                            = (known after apply)
      [32m+[0m[0m tags                                 = {
          [32m+[0m[0m "Name" = "Elastic Search Server"
          [32m+[0m[0m "port" = "5601"
          [32m+[0m[0m "role" = "elastic_search"
        }
      [32m+[0m[0m tags_all                             = {
          [32m+[0m[0m "Name" = "Elastic Search Server"
          [32m+[0m[0m "port" = "5601"
          [32m+[0m[0m "role" = "elastic_search"
        }
      [32m+[0m[0m tenancy                              = (known after apply)
      [32m+[0m[0m user_data                            = "0e08572ac563dd88fa4b395105b2bd1a1dd447b3"
      [32m+[0m[0m user_data_base64                     = (known after apply)
      [32m+[0m[0m user_data_replace_on_change          = false
      [32m+[0m[0m vpc_security_group_ids               = (known after apply)
    }

[1m  # module.elastic.aws_security_group.elastic_sg[0m will be created
[0m  [32m+[0m[0m resource "aws_security_group" "elastic_sg" {
      [32m+[0m[0m arn                    = (known after apply)
      [32m+[0m[0m description            = "Allow straffic to elastic stack "
      [32m+[0m[0m egress                 = [
          [32m+[0m[0m {
              [32m+[0m[0m cidr_blocks      = [
                  [32m+[0m[0m "0.0.0.0/0",
                ]
              [32m+[0m[0m description      = "Allow all for outside traffic"
              [32m+[0m[0m from_port        = 0
              [32m+[0m[0m ipv6_cidr_blocks = []
              [32m+[0m[0m prefix_list_ids  = []
              [32m+[0m[0m protocol         = "-1"
              [32m+[0m[0m security_groups  = []
              [32m+[0m[0m self             = false
              [32m+[0m[0m to_port          = 0
            },
        ]
      [32m+[0m[0m id                     = (known after apply)
      [32m+[0m[0m ingress                = [
          [32m+[0m[0m {
              [32m+[0m[0m cidr_blocks      = [
                  [32m+[0m[0m "0.0.0.0/0",
                ]
              [32m+[0m[0m description      = "Allow ssh"
              [32m+[0m[0m from_port        = 22
              [32m+[0m[0m ipv6_cidr_blocks = []
              [32m+[0m[0m prefix_list_ids  = []
              [32m+[0m[0m protocol         = "tcp"
              [32m+[0m[0m security_groups  = []
              [32m+[0m[0m self             = false
              [32m+[0m[0m to_port          = 22
            },
          [32m+[0m[0m {
              [32m+[0m[0m cidr_blocks      = [
                  [32m+[0m[0m "0.0.0.0/0",
                ]
              [32m+[0m[0m description      = "elasticsearch-java-tcp"
              [32m+[0m[0m from_port        = 9300
              [32m+[0m[0m ipv6_cidr_blocks = []
              [32m+[0m[0m prefix_list_ids  = []
              [32m+[0m[0m protocol         = "tcp"
              [32m+[0m[0m security_groups  = []
              [32m+[0m[0m self             = false
              [32m+[0m[0m to_port          = 9300
            },
          [32m+[0m[0m {
              [32m+[0m[0m cidr_blocks      = [
                  [32m+[0m[0m "0.0.0.0/0",
                ]
              [32m+[0m[0m description      = "elasticsearch-rest-tcp"
              [32m+[0m[0m from_port        = 9200
              [32m+[0m[0m ipv6_cidr_blocks = []
              [32m+[0m[0m prefix_list_ids  = []
              [32m+[0m[0m protocol         = "tcp"
              [32m+[0m[0m security_groups  = []
              [32m+[0m[0m self             = false
              [32m+[0m[0m to_port          = 9200
            },
          [32m+[0m[0m {
              [32m+[0m[0m cidr_blocks      = [
                  [32m+[0m[0m "0.0.0.0/0",
                ]
              [32m+[0m[0m description      = "kibana web interface"
              [32m+[0m[0m from_port        = 5601
              [32m+[0m[0m ipv6_cidr_blocks = []
              [32m+[0m[0m prefix_list_ids  = []
              [32m+[0m[0m protocol         = "tcp"
              [32m+[0m[0m security_groups  = []
              [32m+[0m[0m self             = false
              [32m+[0m[0m to_port          = 5601
            },
          [32m+[0m[0m {
              [32m+[0m[0m cidr_blocks      = [
                  [32m+[0m[0m "0.0.0.0/0",
                ]
              [32m+[0m[0m description      = "logstash-tcp"
              [32m+[0m[0m from_port        = 5044
              [32m+[0m[0m ipv6_cidr_blocks = []
              [32m+[0m[0m prefix_list_ids  = []
              [32m+[0m[0m protocol         = "tcp"
              [32m+[0m[0m security_groups  = []
              [32m+[0m[0m self             = false
              [32m+[0m[0m to_port          = 5044
            },
          [32m+[0m[0m {
              [32m+[0m[0m cidr_blocks      = [
                  [32m+[0m[0m "0.0.0.0/0",
                ]
              [32m+[0m[0m description      = "node-exporter"
              [32m+[0m[0m from_port        = 9100
              [32m+[0m[0m ipv6_cidr_blocks = []
              [32m+[0m[0m prefix_list_ids  = []
              [32m+[0m[0m protocol         = "tcp"
              [32m+[0m[0m security_groups  = []
              [32m+[0m[0m self             = false
              [32m+[0m[0m to_port          = 9100
            },
          [32m+[0m[0m {
              [32m+[0m[0m cidr_blocks      = []
              [32m+[0m[0m description      = "elasticsearch-rest-tcp"
              [32m+[0m[0m from_port        = 9200
              [32m+[0m[0m ipv6_cidr_blocks = []
              [32m+[0m[0m prefix_list_ids  = []
              [32m+[0m[0m protocol         = "tcp"
              [32m+[0m[0m security_groups  = []
              [32m+[0m[0m self             = false
              [32m+[0m[0m to_port          = 9200
            },
        ]
      [32m+[0m[0m name                   = "elastic_sg"
      [32m+[0m[0m name_prefix            = (known after apply)
      [32m+[0m[0m owner_id               = (known after apply)
      [32m+[0m[0m revoke_rules_on_delete = false
      [32m+[0m[0m tags                   = {
          [32m+[0m[0m "name" = "elastic_sg"
        }
      [32m+[0m[0m tags_all               = {
          [32m+[0m[0m "name" = "elastic_sg"
        }
      [32m+[0m[0m vpc_id                 = (known after apply)
    }

[1m  # module.jenkins.aws_alb_target_group.jenkins_server[0m will be created
[0m  [32m+[0m[0m resource "aws_alb_target_group" "jenkins_server" {
      [32m+[0m[0m arn                                = (known after apply)
      [32m+[0m[0m arn_suffix                         = (known after apply)
      [32m+[0m[0m connection_termination             = false
      [32m+[0m[0m deregistration_delay               = "300"
      [32m+[0m[0m id                                 = (known after apply)
      [32m+[0m[0m ip_address_type                    = (known after apply)
      [32m+[0m[0m lambda_multi_value_headers_enabled = false
      [32m+[0m[0m load_balancing_algorithm_type      = (known after apply)
      [32m+[0m[0m load_balancing_cross_zone_enabled  = (known after apply)
      [32m+[0m[0m name                               = "jenkins-server-target-group"
      [32m+[0m[0m port                               = 8080
      [32m+[0m[0m preserve_client_ip                 = (known after apply)
      [32m+[0m[0m protocol                           = "HTTP"
      [32m+[0m[0m protocol_version                   = (known after apply)
      [32m+[0m[0m proxy_protocol_v2                  = false
      [32m+[0m[0m slow_start                         = 0
      [32m+[0m[0m tags_all                           = (known after apply)
      [32m+[0m[0m target_type                        = "instance"
      [32m+[0m[0m vpc_id                             = (known after apply)
    }

[1m  # module.jenkins.aws_alb_target_group_attachment.jenkins_server[0][0m will be created
[0m  [32m+[0m[0m resource "aws_alb_target_group_attachment" "jenkins_server" {
      [32m+[0m[0m id               = (known after apply)
      [32m+[0m[0m port             = 8080
      [32m+[0m[0m target_group_arn = (known after apply)
      [32m+[0m[0m target_id        = (known after apply)
    }

[1m  # module.jenkins.aws_iam_instance_profile.jenkins-role[0m will be created
[0m  [32m+[0m[0m resource "aws_iam_instance_profile" "jenkins-role" {
      [32m+[0m[0m arn         = (known after apply)
      [32m+[0m[0m create_date = (known after apply)
      [32m+[0m[0m id          = (known after apply)
      [32m+[0m[0m name        = "jenkins-role-profile"
      [32m+[0m[0m name_prefix = (known after apply)
      [32m+[0m[0m path        = "/"
      [32m+[0m[0m role        = "jenkins-role"
      [32m+[0m[0m tags_all    = (known after apply)
      [32m+[0m[0m unique_id   = (known after apply)
    }

[1m  # module.jenkins.aws_iam_policy.jenkins-policy[0m will be created
[0m  [32m+[0m[0m resource "aws_iam_policy" "jenkins-policy" {
      [32m+[0m[0m arn         = (known after apply)
      [32m+[0m[0m description = "jenkins policy"
      [32m+[0m[0m id          = (known after apply)
      [32m+[0m[0m name        = "jenkins-policy"
      [32m+[0m[0m name_prefix = (known after apply)
      [32m+[0m[0m path        = "/"
      [32m+[0m[0m policy      = jsonencode(
            {
              [32m+[0m[0m Statement = [
                  [32m+[0m[0m {
                      [32m+[0m[0m Action   = "ec2:*"
                      [32m+[0m[0m Effect   = "Allow"
                      [32m+[0m[0m Resource = "*"
                    },
                  [32m+[0m[0m {
                      [32m+[0m[0m Action   = "autoscaling:*"
                      [32m+[0m[0m Effect   = "Allow"
                      [32m+[0m[0m Resource = "*"
                    },
                  [32m+[0m[0m {
                      [32m+[0m[0m Action   = "eks:*"
                      [32m+[0m[0m Effect   = "Allow"
                      [32m+[0m[0m Resource = "*"
                    },
                ]
              [32m+[0m[0m Version   = "2012-10-17"
            }
        )
      [32m+[0m[0m policy_id   = (known after apply)
      [32m+[0m[0m tags_all    = (known after apply)
    }

[1m  # module.jenkins.aws_iam_role.jenkins-role[0m will be created
[0m  [32m+[0m[0m resource "aws_iam_role" "jenkins-role" {
      [32m+[0m[0m arn                   = (known after apply)
      [32m+[0m[0m assume_role_policy    = jsonencode(
            {
              [32m+[0m[0m Statement = [
                  [32m+[0m[0m {
                      [32m+[0m[0m Action    = "sts:AssumeRole"
                      [32m+[0m[0m Effect    = "Allow"
                      [32m+[0m[0m Principal = {
                          [32m+[0m[0m Service = "ec2.amazonaws.com"
                        }
                      [32m+[0m[0m Sid       = ""
                    },
                ]
              [32m+[0m[0m Version   = "2012-10-17"
            }
        )
      [32m+[0m[0m create_date           = (known after apply)
      [32m+[0m[0m force_detach_policies = false
      [32m+[0m[0m id                    = (known after apply)
      [32m+[0m[0m managed_policy_arns   = (known after apply)
      [32m+[0m[0m max_session_duration  = 3600
      [32m+[0m[0m name                  = "jenkins-role"
      [32m+[0m[0m name_prefix           = (known after apply)
      [32m+[0m[0m path                  = "/"
      [32m+[0m[0m tags_all              = (known after apply)
      [32m+[0m[0m unique_id             = (known after apply)
    }

[1m  # module.jenkins.aws_iam_role_policy_attachment.consul-policy-attach[0m will be created
[0m  [32m+[0m[0m resource "aws_iam_role_policy_attachment" "consul-policy-attach" {
      [32m+[0m[0m id         = (known after apply)
      [32m+[0m[0m policy_arn = (known after apply)
      [32m+[0m[0m role       = "jenkins-role"
    }

[1m  # module.jenkins.aws_iam_role_policy_attachment.jenkins-policy-attach[0m will be created
[0m  [32m+[0m[0m resource "aws_iam_role_policy_attachment" "jenkins-policy-attach" {
      [32m+[0m[0m id         = (known after apply)
      [32m+[0m[0m policy_arn = (known after apply)
      [32m+[0m[0m role       = "jenkins-role"
    }

[1m  # module.jenkins.aws_instance.jenkins_node[0][0m will be created
[0m  [32m+[0m[0m resource "aws_instance" "jenkins_node" {
      [32m+[0m[0m ami                                  = "ami-0dd9f0e7df0f0a138"
      [32m+[0m[0m arn                                  = (known after apply)
      [32m+[0m[0m associate_public_ip_address          = false
      [32m+[0m[0m availability_zone                    = (known after apply)
      [32m+[0m[0m cpu_core_count                       = (known after apply)
      [32m+[0m[0m cpu_threads_per_core                 = (known after apply)
      [32m+[0m[0m disable_api_stop                     = (known after apply)
      [32m+[0m[0m disable_api_termination              = (known after apply)
      [32m+[0m[0m ebs_optimized                        = (known after apply)
      [32m+[0m[0m get_password_data                    = false
      [32m+[0m[0m host_id                              = (known after apply)
      [32m+[0m[0m host_resource_group_arn              = (known after apply)
      [32m+[0m[0m iam_instance_profile                 = "jenkins-role-profile"
      [32m+[0m[0m id                                   = (known after apply)
      [32m+[0m[0m instance_initiated_shutdown_behavior = (known after apply)
      [32m+[0m[0m instance_lifecycle                   = (known after apply)
      [32m+[0m[0m instance_state                       = (known after apply)
      [32m+[0m[0m instance_type                        = "t2.micro"
      [32m+[0m[0m ipv6_address_count                   = (known after apply)
      [32m+[0m[0m ipv6_addresses                       = (known after apply)
      [32m+[0m[0m key_name                             = (known after apply)
      [32m+[0m[0m monitoring                           = (known after apply)
      [32m+[0m[0m outpost_arn                          = (known after apply)
      [32m+[0m[0m password_data                        = (known after apply)
      [32m+[0m[0m placement_group                      = (known after apply)
      [32m+[0m[0m placement_partition_number           = (known after apply)
      [32m+[0m[0m primary_network_interface_id         = (known after apply)
      [32m+[0m[0m private_dns                          = (known after apply)
      [32m+[0m[0m private_ip                           = (known after apply)
      [32m+[0m[0m public_dns                           = (known after apply)
      [32m+[0m[0m public_ip                            = (known after apply)
      [32m+[0m[0m secondary_private_ips                = (known after apply)
      [32m+[0m[0m security_groups                      = (known after apply)
      [32m+[0m[0m source_dest_check                    = true
      [32m+[0m[0m spot_instance_request_id             = (known after apply)
      [32m+[0m[0m subnet_id                            = (known after apply)
      [32m+[0m[0m tags                                 = {
          [32m+[0m[0m "Name" = "Jenkins Node"
          [32m+[0m[0m "port" = "8080"
          [32m+[0m[0m "role" = "jenkins_slave"
        }
      [32m+[0m[0m tags_all                             = {
          [32m+[0m[0m "Name" = "Jenkins Node"
          [32m+[0m[0m "port" = "8080"
          [32m+[0m[0m "role" = "jenkins_slave"
        }
      [32m+[0m[0m tenancy                              = (known after apply)
      [32m+[0m[0m user_data                            = "fa5289a4904ef2d327290dc47c605b7112c3e9c5"
      [32m+[0m[0m user_data_base64                     = (known after apply)
      [32m+[0m[0m user_data_replace_on_change          = false
      [32m+[0m[0m vpc_security_group_ids               = (known after apply)
    }

[1m  # module.jenkins.aws_instance.jenkins_server[0][0m will be created
[0m  [32m+[0m[0m resource "aws_instance" "jenkins_server" {
      [32m+[0m[0m ami                                  = "ami-0dd9f0e7df0f0a138"
      [32m+[0m[0m arn                                  = (known after apply)
      [32m+[0m[0m associate_public_ip_address          = false
      [32m+[0m[0m availability_zone                    = (known after apply)
      [32m+[0m[0m cpu_core_count                       = (known after apply)
      [32m+[0m[0m cpu_threads_per_core                 = (known after apply)
      [32m+[0m[0m disable_api_stop                     = (known after apply)
      [32m+[0m[0m disable_api_termination              = (known after apply)
      [32m+[0m[0m ebs_optimized                        = (known after apply)
      [32m+[0m[0m get_password_data                    = false
      [32m+[0m[0m host_id                              = (known after apply)
      [32m+[0m[0m host_resource_group_arn              = (known after apply)
      [32m+[0m[0m iam_instance_profile                 = "jenkins-role-profile"
      [32m+[0m[0m id                                   = (known after apply)
      [32m+[0m[0m instance_initiated_shutdown_behavior = (known after apply)
      [32m+[0m[0m instance_lifecycle                   = (known after apply)
      [32m+[0m[0m instance_state                       = (known after apply)
      [32m+[0m[0m instance_type                        = "t2.micro"
      [32m+[0m[0m ipv6_address_count                   = (known after apply)
      [32m+[0m[0m ipv6_addresses                       = (known after apply)
      [32m+[0m[0m key_name                             = (known after apply)
      [32m+[0m[0m monitoring                           = (known after apply)
      [32m+[0m[0m outpost_arn                          = (known after apply)
      [32m+[0m[0m password_data                        = (known after apply)
      [32m+[0m[0m placement_group                      = (known after apply)
      [32m+[0m[0m placement_partition_number           = (known after apply)
      [32m+[0m[0m primary_network_interface_id         = (known after apply)
      [32m+[0m[0m private_dns                          = (known after apply)
      [32m+[0m[0m private_ip                           = (known after apply)
      [32m+[0m[0m public_dns                           = (known after apply)
      [32m+[0m[0m public_ip                            = (known after apply)
      [32m+[0m[0m secondary_private_ips                = (known after apply)
      [32m+[0m[0m security_groups                      = (known after apply)
      [32m+[0m[0m source_dest_check                    = true
      [32m+[0m[0m spot_instance_request_id             = (known after apply)
      [32m+[0m[0m subnet_id                            = (known after apply)
      [32m+[0m[0m tags                                 = {
          [32m+[0m[0m "Name" = "Jenkins Server"
          [32m+[0m[0m "port" = "8080"
          [32m+[0m[0m "role" = "jenkins_master"
        }
      [32m+[0m[0m tags_all                             = {
          [32m+[0m[0m "Name" = "Jenkins Server"
          [32m+[0m[0m "port" = "8080"
          [32m+[0m[0m "role" = "jenkins_master"
        }
      [32m+[0m[0m tenancy                              = (known after apply)
      [32m+[0m[0m user_data                            = "dca6e029a9f71b144ee88d42727f03c38df55e15"
      [32m+[0m[0m user_data_base64                     = (known after apply)
      [32m+[0m[0m user_data_replace_on_change          = false
      [32m+[0m[0m vpc_security_group_ids               = (known after apply)
    }

[1m  # module.jenkins.aws_security_group.jenkins[0m will be created
[0m  [32m+[0m[0m resource "aws_security_group" "jenkins" {
      [32m+[0m[0m arn                    = (known after apply)
      [32m+[0m[0m description            = "Allow Jenkins inbound traffic"
      [32m+[0m[0m egress                 = [
          [32m+[0m[0m {
              [32m+[0m[0m cidr_blocks      = [
                  [32m+[0m[0m "0.0.0.0/0",
                ]
              [32m+[0m[0m description      = "Allow all outgoing traffic"
              [32m+[0m[0m from_port        = 0
              [32m+[0m[0m ipv6_cidr_blocks = []
              [32m+[0m[0m prefix_list_ids  = []
              [32m+[0m[0m protocol         = "-1"
              [32m+[0m[0m security_groups  = []
              [32m+[0m[0m self             = false
              [32m+[0m[0m to_port          = 0
            },
          [32m+[0m[0m {
              [32m+[0m[0m cidr_blocks      = [
                  [32m+[0m[0m "0.0.0.0/0",
                ]
              [32m+[0m[0m description      = "node-exporter"
              [32m+[0m[0m from_port        = 9100
              [32m+[0m[0m ipv6_cidr_blocks = []
              [32m+[0m[0m prefix_list_ids  = []
              [32m+[0m[0m protocol         = "tcp"
              [32m+[0m[0m security_groups  = []
              [32m+[0m[0m self             = false
              [32m+[0m[0m to_port          = 9100
            },
        ]
      [32m+[0m[0m id                     = (known after apply)
      [32m+[0m[0m ingress                = [
          [32m+[0m[0m {
              [32m+[0m[0m cidr_blocks      = [
                  [32m+[0m[0m "0.0.0.0/0",
                ]
              [32m+[0m[0m description      = ""
              [32m+[0m[0m from_port        = 22
              [32m+[0m[0m ipv6_cidr_blocks = []
              [32m+[0m[0m prefix_list_ids  = []
              [32m+[0m[0m protocol         = "tcp"
              [32m+[0m[0m security_groups  = []
              [32m+[0m[0m self             = false
              [32m+[0m[0m to_port          = 22
            },
          [32m+[0m[0m {
              [32m+[0m[0m cidr_blocks      = [
                  [32m+[0m[0m "0.0.0.0/0",
                ]
              [32m+[0m[0m description      = ""
              [32m+[0m[0m from_port        = 443
              [32m+[0m[0m ipv6_cidr_blocks = []
              [32m+[0m[0m prefix_list_ids  = []
              [32m+[0m[0m protocol         = "tcp"
              [32m+[0m[0m security_groups  = []
              [32m+[0m[0m self             = false
              [32m+[0m[0m to_port          = 443
            },
          [32m+[0m[0m {
              [32m+[0m[0m cidr_blocks      = [
                  [32m+[0m[0m "0.0.0.0/0",
                ]
              [32m+[0m[0m description      = ""
              [32m+[0m[0m from_port        = 8080
              [32m+[0m[0m ipv6_cidr_blocks = []
              [32m+[0m[0m prefix_list_ids  = []
              [32m+[0m[0m protocol         = "tcp"
              [32m+[0m[0m security_groups  = []
              [32m+[0m[0m self             = false
              [32m+[0m[0m to_port          = 8080
            },
          [32m+[0m[0m {
              [32m+[0m[0m cidr_blocks      = [
                  [32m+[0m[0m "0.0.0.0/0",
                ]
              [32m+[0m[0m description      = "node-exporter"
              [32m+[0m[0m from_port        = 9100
              [32m+[0m[0m ipv6_cidr_blocks = []
              [32m+[0m[0m prefix_list_ids  = []
              [32m+[0m[0m protocol         = "tcp"
              [32m+[0m[0m security_groups  = []
              [32m+[0m[0m self             = false
              [32m+[0m[0m to_port          = 9100
            },
        ]
      [32m+[0m[0m name                   = "jenkins"
      [32m+[0m[0m name_prefix            = (known after apply)
      [32m+[0m[0m owner_id               = (known after apply)
      [32m+[0m[0m revoke_rules_on_delete = false
      [32m+[0m[0m tags                   = {
          [32m+[0m[0m "Name" = "jenkins"
        }
      [32m+[0m[0m tags_all               = {
          [32m+[0m[0m "Name" = "jenkins"
        }
      [32m+[0m[0m vpc_id                 = (known after apply)
    }

[1m  # module.k8s.data.aws_eks_cluster.eks[0m will be read during apply
  # (depends on a resource or a module with changes pending)
[0m [36m<=[0m[0m data "aws_eks_cluster" "eks" {
      [32m+[0m[0m arn                       = (known after apply)
      [32m+[0m[0m certificate_authority     = (known after apply)
      [32m+[0m[0m cluster_id                = (known after apply)
      [32m+[0m[0m created_at                = (known after apply)
      [32m+[0m[0m enabled_cluster_log_types = (known after apply)
      [32m+[0m[0m endpoint                  = (known after apply)
      [32m+[0m[0m id                        = (known after apply)
      [32m+[0m[0m identity                  = (known after apply)
      [32m+[0m[0m kubernetes_network_config = (known after apply)
      [32m+[0m[0m name                      = "f-project-eks-cluster"
      [32m+[0m[0m outpost_config            = (known after apply)
      [32m+[0m[0m platform_version          = (known after apply)
      [32m+[0m[0m role_arn                  = (known after apply)
      [32m+[0m[0m status                    = (known after apply)
      [32m+[0m[0m tags                      = (known after apply)
      [32m+[0m[0m version                   = (known after apply)
      [32m+[0m[0m vpc_config                = (known after apply)
    }

[1m  # module.k8s.data.aws_eks_cluster_auth.eks[0m will be read during apply
  # (depends on a resource or a module with changes pending)
[0m [36m<=[0m[0m data "aws_eks_cluster_auth" "eks" {
      [32m+[0m[0m id    = (known after apply)
      [32m+[0m[0m name  = "f-project-eks-cluster"
      [32m+[0m[0m token = (sensitive value)
    }

[1m  # module.k8s.aws_security_group.all_worker_mgmt[0m will be created
[0m  [32m+[0m[0m resource "aws_security_group" "all_worker_mgmt" {
      [32m+[0m[0m arn                    = (known after apply)
      [32m+[0m[0m description            = "Managed by Terraform"
      [32m+[0m[0m egress                 = [
          [32m+[0m[0m {
              [32m+[0m[0m cidr_blocks      = [
                  [32m+[0m[0m "0.0.0.0/0",
                ]
              [32m+[0m[0m description      = ""
              [32m+[0m[0m from_port        = 8300
              [32m+[0m[0m ipv6_cidr_blocks = []
              [32m+[0m[0m prefix_list_ids  = []
              [32m+[0m[0m protocol         = "tcp"
              [32m+[0m[0m security_groups  = []
              [32m+[0m[0m self             = false
              [32m+[0m[0m to_port          = 8300
            },
          [32m+[0m[0m {
              [32m+[0m[0m cidr_blocks      = [
                  [32m+[0m[0m "0.0.0.0/0",
                ]
              [32m+[0m[0m description      = ""
              [32m+[0m[0m from_port        = 8301
              [32m+[0m[0m ipv6_cidr_blocks = []
              [32m+[0m[0m prefix_list_ids  = []
              [32m+[0m[0m protocol         = "tcp"
              [32m+[0m[0m security_groups  = []
              [32m+[0m[0m self             = false
              [32m+[0m[0m to_port          = 8301
            },
          [32m+[0m[0m {
              [32m+[0m[0m cidr_blocks      = [
                  [32m+[0m[0m "0.0.0.0/0",
                ]
              [32m+[0m[0m description      = ""
              [32m+[0m[0m from_port        = 8302
              [32m+[0m[0m ipv6_cidr_blocks = []
              [32m+[0m[0m prefix_list_ids  = []
              [32m+[0m[0m protocol         = "tcp"
              [32m+[0m[0m security_groups  = []
              [32m+[0m[0m self             = false
              [32m+[0m[0m to_port          = 8302
            },
          [32m+[0m[0m {
              [32m+[0m[0m cidr_blocks      = [
                  [32m+[0m[0m "0.0.0.0/0",
                ]
              [32m+[0m[0m description      = ""
              [32m+[0m[0m from_port        = 8600
              [32m+[0m[0m ipv6_cidr_blocks = []
              [32m+[0m[0m prefix_list_ids  = []
              [32m+[0m[0m protocol         = "tcp"
              [32m+[0m[0m security_groups  = []
              [32m+[0m[0m self             = false
              [32m+[0m[0m to_port          = 8600
            },
          [32m+[0m[0m {
              [32m+[0m[0m cidr_blocks      = [
                  [32m+[0m[0m "0.0.0.0/0",
                ]
              [32m+[0m[0m description      = ""
              [32m+[0m[0m from_port        = 9200
              [32m+[0m[0m ipv6_cidr_blocks = []
              [32m+[0m[0m prefix_list_ids  = []
              [32m+[0m[0m protocol         = "tcp"
              [32m+[0m[0m security_groups  = []
              [32m+[0m[0m self             = false
              [32m+[0m[0m to_port          = 9200
            },
          [32m+[0m[0m {
              [32m+[0m[0m cidr_blocks      = [
                  [32m+[0m[0m "0.0.0.0/0",
                ]
              [32m+[0m[0m description      = "Allow all outside security group"
              [32m+[0m[0m from_port        = 0
              [32m+[0m[0m ipv6_cidr_blocks = []
              [32m+[0m[0m prefix_list_ids  = []
              [32m+[0m[0m protocol         = "-1"
              [32m+[0m[0m security_groups  = []
              [32m+[0m[0m self             = false
              [32m+[0m[0m to_port          = 0
            },
        ]
      [32m+[0m[0m id                     = (known after apply)
      [32m+[0m[0m ingress                = [
          [32m+[0m[0m {
              [32m+[0m[0m cidr_blocks      = [
                  [32m+[0m[0m "0.0.0.0/0",
                ]
              [32m+[0m[0m description      = ""
              [32m+[0m[0m from_port        = 22
              [32m+[0m[0m ipv6_cidr_blocks = []
              [32m+[0m[0m prefix_list_ids  = []
              [32m+[0m[0m protocol         = "tcp"
              [32m+[0m[0m security_groups  = []
              [32m+[0m[0m self             = false
              [32m+[0m[0m to_port          = 22
            },
          [32m+[0m[0m {
              [32m+[0m[0m cidr_blocks      = [
                  [32m+[0m[0m "0.0.0.0/0",
                ]
              [32m+[0m[0m description      = "k8s prometheus"
              [32m+[0m[0m from_port        = 10250
              [32m+[0m[0m ipv6_cidr_blocks = []
              [32m+[0m[0m prefix_list_ids  = []
              [32m+[0m[0m protocol         = "tcp"
              [32m+[0m[0m security_groups  = []
              [32m+[0m[0m self             = false
              [32m+[0m[0m to_port          = 10250
            },
          [32m+[0m[0m {
              [32m+[0m[0m cidr_blocks      = [
                  [32m+[0m[0m "0.0.0.0/0",
                ]
              [32m+[0m[0m description      = "k8s prometheus"
              [32m+[0m[0m from_port        = 8080
              [32m+[0m[0m ipv6_cidr_blocks = []
              [32m+[0m[0m prefix_list_ids  = []
              [32m+[0m[0m protocol         = "tcp"
              [32m+[0m[0m security_groups  = []
              [32m+[0m[0m self             = false
              [32m+[0m[0m to_port          = 8080
            },
          [32m+[0m[0m {
              [32m+[0m[0m cidr_blocks      = [
                  [32m+[0m[0m "0.0.0.0/0",
                ]
              [32m+[0m[0m description      = "k8s prometheus"
              [32m+[0m[0m from_port        = 9093
              [32m+[0m[0m ipv6_cidr_blocks = []
              [32m+[0m[0m prefix_list_ids  = []
              [32m+[0m[0m protocol         = "tcp"
              [32m+[0m[0m security_groups  = []
              [32m+[0m[0m self             = false
              [32m+[0m[0m to_port          = 9093
            },
          [32m+[0m[0m {
              [32m+[0m[0m cidr_blocks      = [
                  [32m+[0m[0m "0.0.0.0/0",
                ]
              [32m+[0m[0m description      = "k8s prometheus"
              [32m+[0m[0m from_port        = 9153
              [32m+[0m[0m ipv6_cidr_blocks = []
              [32m+[0m[0m prefix_list_ids  = []
              [32m+[0m[0m protocol         = "tcp"
              [32m+[0m[0m security_groups  = []
              [32m+[0m[0m self             = false
              [32m+[0m[0m to_port          = 9153
            },
          [32m+[0m[0m {
              [32m+[0m[0m cidr_blocks      = [
                  [32m+[0m[0m "0.0.0.0/0",
                ]
              [32m+[0m[0m description      = "node-exporter"
              [32m+[0m[0m from_port        = 9100
              [32m+[0m[0m ipv6_cidr_blocks = []
              [32m+[0m[0m prefix_list_ids  = []
              [32m+[0m[0m protocol         = "tcp"
              [32m+[0m[0m security_groups  = []
              [32m+[0m[0m self             = false
              [32m+[0m[0m to_port          = 9100
            },
        ]
      [32m+[0m[0m name                   = (known after apply)
      [32m+[0m[0m name_prefix            = "eks-worker-management"
      [32m+[0m[0m owner_id               = (known after apply)
      [32m+[0m[0m revoke_rules_on_delete = false
      [32m+[0m[0m tags                   = {
          [32m+[0m[0m "Name" = "eks-sg-kandula_evgy"
          [32m+[0m[0m "env"  = "kandula_evgy"
        }
      [32m+[0m[0m tags_all               = {
          [32m+[0m[0m "Name" = "eks-sg-kandula_evgy"
          [32m+[0m[0m "env"  = "kandula_evgy"
        }
      [32m+[0m[0m vpc_id                 = (known after apply)
    }

[1m  # module.k8s.kubernetes_service_account.opsschool_sa[0m will be created
[0m  [32m+[0m[0m resource "kubernetes_service_account" "opsschool_sa" {
      [32m+[0m[0m automount_service_account_token = true
      [32m+[0m[0m default_secret_name             = (known after apply)
      [32m+[0m[0m id                              = (known after apply)

      [32m+[0m[0m metadata {
          [32m+[0m[0m annotations      = (known after apply)
          [32m+[0m[0m generation       = (known after apply)
          [32m+[0m[0m name             = "opsschool-sa"
          [32m+[0m[0m namespace        = "default"
          [32m+[0m[0m resource_version = (known after apply)
          [32m+[0m[0m uid              = (known after apply)
        }
    }

[1m  # module.networking.aws_acm_certificate.cert[0m will be created
[0m  [32m+[0m[0m resource "aws_acm_certificate" "cert" {
      [32m+[0m[0m arn                       = (known after apply)
      [32m+[0m[0m domain_name               = "*.evgy.net"
      [32m+[0m[0m domain_validation_options = (known after apply)
      [32m+[0m[0m id                        = (known after apply)
      [32m+[0m[0m key_algorithm             = (known after apply)
      [32m+[0m[0m not_after                 = (known after apply)
      [32m+[0m[0m not_before                = (known after apply)
      [32m+[0m[0m pending_renewal           = (known after apply)
      [32m+[0m[0m renewal_eligibility       = (known after apply)
      [32m+[0m[0m renewal_summary           = (known after apply)
      [32m+[0m[0m status                    = (known after apply)
      [32m+[0m[0m subject_alternative_names = [
          [32m+[0m[0m "*.evgy.net",
        ]
      [32m+[0m[0m tags                      = {
          [32m+[0m[0m "Name" = "certificate-opps"
        }
      [32m+[0m[0m tags_all                  = {
          [32m+[0m[0m "Name" = "certificate-opps"
        }
      [32m+[0m[0m type                      = (known after apply)
      [32m+[0m[0m validation_emails         = (known after apply)
      [32m+[0m[0m validation_method         = "EMAIL"
    }

[1m  # module.networking.aws_acm_certificate_validation.cert[0m will be created
[0m  [32m+[0m[0m resource "aws_acm_certificate_validation" "cert" {
      [32m+[0m[0m certificate_arn = (known after apply)
      [32m+[0m[0m id              = (known after apply)
    }

[1m  # module.networking.aws_alb.alb1[0m will be created
[0m  [32m+[0m[0m resource "aws_alb" "alb1" {
      [32m+[0m[0m arn                                         = (known after apply)
      [32m+[0m[0m arn_suffix                                  = (known after apply)
      [32m+[0m[0m desync_mitigation_mode                      = "defensive"
      [32m+[0m[0m dns_name                                    = (known after apply)
      [32m+[0m[0m drop_invalid_header_fields                  = false
      [32m+[0m[0m enable_deletion_protection                  = false
      [32m+[0m[0m enable_http2                                = true
      [32m+[0m[0m enable_tls_version_and_cipher_suite_headers = false
      [32m+[0m[0m enable_waf_fail_open                        = false
      [32m+[0m[0m enable_xff_client_port                      = false
      [32m+[0m[0m id                                          = (known after apply)
      [32m+[0m[0m idle_timeout                                = 60
      [32m+[0m[0m internal                                    = false
      [32m+[0m[0m ip_address_type                             = (known after apply)
      [32m+[0m[0m load_balancer_type                          = "application"
      [32m+[0m[0m name                                        = "alb1"
      [32m+[0m[0m preserve_host_header                        = false
      [32m+[0m[0m security_groups                             = (known after apply)
      [32m+[0m[0m subnets                                     = (known after apply)
      [32m+[0m[0m tags                                        = {
          [32m+[0m[0m "Name" = "application load balancer"
        }
      [32m+[0m[0m tags_all                                    = {
          [32m+[0m[0m "Name" = "application load balancer"
        }
      [32m+[0m[0m vpc_id                                      = (known after apply)
      [32m+[0m[0m xff_header_processing_mode                  = "append"
      [32m+[0m[0m zone_id                                     = (known after apply)
    }

[1m  # module.networking.aws_alb_listener.consul[0m will be created
[0m  [32m+[0m[0m resource "aws_alb_listener" "consul" {
      [32m+[0m[0m arn               = (known after apply)
      [32m+[0m[0m certificate_arn   = (known after apply)
      [32m+[0m[0m id                = (known after apply)
      [32m+[0m[0m load_balancer_arn = (known after apply)
      [32m+[0m[0m port              = 8500
      [32m+[0m[0m protocol          = "HTTPS"
      [32m+[0m[0m ssl_policy        = (known after apply)
      [32m+[0m[0m tags_all          = (known after apply)

      [32m+[0m[0m default_action {
          [32m+[0m[0m order            = (known after apply)
          [32m+[0m[0m target_group_arn = (known after apply)
          [32m+[0m[0m type             = "forward"
        }
    }

[1m  # module.networking.aws_alb_listener.elastic[0m will be created
[0m  [32m+[0m[0m resource "aws_alb_listener" "elastic" {
      [32m+[0m[0m arn               = (known after apply)
      [32m+[0m[0m certificate_arn   = (known after apply)
      [32m+[0m[0m id                = (known after apply)
      [32m+[0m[0m load_balancer_arn = (known after apply)
      [32m+[0m[0m port              = 5601
      [32m+[0m[0m protocol          = "HTTPS"
      [32m+[0m[0m ssl_policy        = (known after apply)
      [32m+[0m[0m tags_all          = (known after apply)

      [32m+[0m[0m default_action {
          [32m+[0m[0m order            = (known after apply)
          [32m+[0m[0m target_group_arn = (known after apply)
          [32m+[0m[0m type             = "forward"
        }
    }

[1m  # module.networking.aws_alb_listener.jenkins[0m will be created
[0m  [32m+[0m[0m resource "aws_alb_listener" "jenkins" {
      [32m+[0m[0m arn               = (known after apply)
      [32m+[0m[0m certificate_arn   = (known after apply)
      [32m+[0m[0m id                = (known after apply)
      [32m+[0m[0m load_balancer_arn = (known after apply)
      [32m+[0m[0m port              = 443
      [32m+[0m[0m protocol          = "HTTPS"
      [32m+[0m[0m ssl_policy        = (known after apply)
      [32m+[0m[0m tags_all          = (known after apply)

      [32m+[0m[0m default_action {
          [32m+[0m[0m order            = (known after apply)
          [32m+[0m[0m target_group_arn = (known after apply)
          [32m+[0m[0m type             = "forward"
        }
    }

[1m  # module.networking.aws_eip.nat_eip[0][0m will be created
[0m  [32m+[0m[0m resource "aws_eip" "nat_eip" {
      [32m+[0m[0m allocation_id        = (known after apply)
      [32m+[0m[0m association_id       = (known after apply)
      [32m+[0m[0m carrier_ip           = (known after apply)
      [32m+[0m[0m customer_owned_ip    = (known after apply)
      [32m+[0m[0m domain               = "vpc"
      [32m+[0m[0m id                   = (known after apply)
      [32m+[0m[0m instance             = (known after apply)
      [32m+[0m[0m network_border_group = (known after apply)
      [32m+[0m[0m network_interface    = (known after apply)
      [32m+[0m[0m private_dns          = (known after apply)
      [32m+[0m[0m private_ip           = (known after apply)
      [32m+[0m[0m public_dns           = (known after apply)
      [32m+[0m[0m public_ip            = (known after apply)
      [32m+[0m[0m public_ipv4_pool     = (known after apply)
      [32m+[0m[0m tags                 = {
          [32m+[0m[0m "Name" = "FP NAT gateway EIP"
        }
      [32m+[0m[0m tags_all             = {
          [32m+[0m[0m "Name" = "FP NAT gateway EIP"
        }
      [32m+[0m[0m vpc                  = (known after apply)
    }

[1m  # module.networking.aws_eip.nat_eip[1][0m will be created
[0m  [32m+[0m[0m resource "aws_eip" "nat_eip" {
      [32m+[0m[0m allocation_id        = (known after apply)
      [32m+[0m[0m association_id       = (known after apply)
      [32m+[0m[0m carrier_ip           = (known after apply)
      [32m+[0m[0m customer_owned_ip    = (known after apply)
      [32m+[0m[0m domain               = "vpc"
      [32m+[0m[0m id                   = (known after apply)
      [32m+[0m[0m instance             = (known after apply)
      [32m+[0m[0m network_border_group = (known after apply)
      [32m+[0m[0m network_interface    = (known after apply)
      [32m+[0m[0m private_dns          = (known after apply)
      [32m+[0m[0m private_ip           = (known after apply)
      [32m+[0m[0m public_dns           = (known after apply)
      [32m+[0m[0m public_ip            = (known after apply)
      [32m+[0m[0m public_ipv4_pool     = (known after apply)
      [32m+[0m[0m tags                 = {
          [32m+[0m[0m "Name" = "FP NAT gateway EIP"
        }
      [32m+[0m[0m tags_all             = {
          [32m+[0m[0m "Name" = "FP NAT gateway EIP"
        }
      [32m+[0m[0m vpc                  = (known after apply)
    }

[1m  # module.networking.aws_internet_gateway.ing[0m will be created
[0m  [32m+[0m[0m resource "aws_internet_gateway" "ing" {
      [32m+[0m[0m arn      = (known after apply)
      [32m+[0m[0m id       = (known after apply)
      [32m+[0m[0m owner_id = (known after apply)
      [32m+[0m[0m tags     = {
          [32m+[0m[0m "Name" = "FP Public Subnet"
        }
      [32m+[0m[0m tags_all = {
          [32m+[0m[0m "Name" = "FP Public Subnet"
        }
      [32m+[0m[0m vpc_id   = (known after apply)
    }

[1m  # module.networking.aws_nat_gateway.nat_gw[0][0m will be created
[0m  [32m+[0m[0m resource "aws_nat_gateway" "nat_gw" {
      [32m+[0m[0m allocation_id        = (known after apply)
      [32m+[0m[0m association_id       = (known after apply)
      [32m+[0m[0m connectivity_type    = "public"
      [32m+[0m[0m id                   = (known after apply)
      [32m+[0m[0m network_interface_id = (known after apply)
      [32m+[0m[0m private_ip           = (known after apply)
      [32m+[0m[0m public_ip            = (known after apply)
      [32m+[0m[0m subnet_id            = (known after apply)
      [32m+[0m[0m tags                 = {
          [32m+[0m[0m "Name" = "FP gw_NAT_0"
        }
      [32m+[0m[0m tags_all             = {
          [32m+[0m[0m "Name" = "FP gw_NAT_0"
        }
    }

[1m  # module.networking.aws_nat_gateway.nat_gw[1][0m will be created
[0m  [32m+[0m[0m resource "aws_nat_gateway" "nat_gw" {
      [32m+[0m[0m allocation_id        = (known after apply)
      [32m+[0m[0m association_id       = (known after apply)
      [32m+[0m[0m connectivity_type    = "public"
      [32m+[0m[0m id                   = (known after apply)
      [32m+[0m[0m network_interface_id = (known after apply)
      [32m+[0m[0m private_ip           = (known after apply)
      [32m+[0m[0m public_ip            = (known after apply)
      [32m+[0m[0m subnet_id            = (known after apply)
      [32m+[0m[0m tags                 = {
          [32m+[0m[0m "Name" = "FP gw_NAT_1"
        }
      [32m+[0m[0m tags_all             = {
          [32m+[0m[0m "Name" = "FP gw_NAT_1"
        }
    }

[1m  # module.networking.aws_route53_record.consul_record[0m will be created
[0m  [32m+[0m[0m resource "aws_route53_record" "consul_record" {
      [32m+[0m[0m allow_overwrite = (known after apply)
      [32m+[0m[0m fqdn            = (known after apply)
      [32m+[0m[0m id              = (known after apply)
      [32m+[0m[0m name            = "consul"
      [32m+[0m[0m records         = (known after apply)
      [32m+[0m[0m ttl             = 300
      [32m+[0m[0m type            = "CNAME"
      [32m+[0m[0m zone_id         = "Z004471932NN3NT87S5M7"
    }

[1m  # module.networking.aws_route53_record.elasticsearch_record[0m will be created
[0m  [32m+[0m[0m resource "aws_route53_record" "elasticsearch_record" {
      [32m+[0m[0m allow_overwrite = (known after apply)
      [32m+[0m[0m fqdn            = (known after apply)
      [32m+[0m[0m id              = (known after apply)
      [32m+[0m[0m name            = "elasticsearch"
      [32m+[0m[0m records         = (known after apply)
      [32m+[0m[0m ttl             = 300
      [32m+[0m[0m type            = "CNAME"
      [32m+[0m[0m zone_id         = "Z004471932NN3NT87S5M7"
    }

[1m  # module.networking.aws_route53_record.grafana_record[0m will be created
[0m  [32m+[0m[0m resource "aws_route53_record" "grafana_record" {
      [32m+[0m[0m allow_overwrite = (known after apply)
      [32m+[0m[0m fqdn            = (known after apply)
      [32m+[0m[0m id              = (known after apply)
      [32m+[0m[0m name            = "grafana"
      [32m+[0m[0m records         = (known after apply)
      [32m+[0m[0m ttl             = 300
      [32m+[0m[0m type            = "CNAME"
      [32m+[0m[0m zone_id         = "Z004471932NN3NT87S5M7"
    }

[1m  # module.networking.aws_route53_record.jenkins_record[0m will be created
[0m  [32m+[0m[0m resource "aws_route53_record" "jenkins_record" {
      [32m+[0m[0m allow_overwrite = (known after apply)
      [32m+[0m[0m fqdn            = (known after apply)
      [32m+[0m[0m id              = (known after apply)
      [32m+[0m[0m name            = "jenkins"
      [32m+[0m[0m records         = (known after apply)
      [32m+[0m[0m ttl             = 300
      [32m+[0m[0m type            = "CNAME"
      [32m+[0m[0m zone_id         = "Z004471932NN3NT87S5M7"
    }

[1m  # module.networking.aws_route53_record.kandula_record[0m will be created
[0m  [32m+[0m[0m resource "aws_route53_record" "kandula_record" {
      [32m+[0m[0m allow_overwrite = (known after apply)
      [32m+[0m[0m fqdn            = (known after apply)
      [32m+[0m[0m id              = (known after apply)
      [32m+[0m[0m name            = "kandula"
      [32m+[0m[0m records         = (known after apply)
      [32m+[0m[0m ttl             = 300
      [32m+[0m[0m type            = "CNAME"
      [32m+[0m[0m zone_id         = "Z004471932NN3NT87S5M7"
    }

[1m  # module.networking.aws_route53_record.prometheus_record[0m will be created
[0m  [32m+[0m[0m resource "aws_route53_record" "prometheus_record" {
      [32m+[0m[0m allow_overwrite = (known after apply)
      [32m+[0m[0m fqdn            = (known after apply)
      [32m+[0m[0m id              = (known after apply)
      [32m+[0m[0m name            = "prometheus"
      [32m+[0m[0m records         = (known after apply)
      [32m+[0m[0m ttl             = 300
      [32m+[0m[0m type            = "CNAME"
      [32m+[0m[0m zone_id         = "Z004471932NN3NT87S5M7"
    }

[1m  # module.networking.aws_route_table.private[0][0m will be created
[0m  [32m+[0m[0m resource "aws_route_table" "private" {
      [32m+[0m[0m arn              = (known after apply)
      [32m+[0m[0m id               = (known after apply)
      [32m+[0m[0m owner_id         = (known after apply)
      [32m+[0m[0m propagating_vgws = (known after apply)
      [32m+[0m[0m route            = [
          [32m+[0m[0m {
              [32m+[0m[0m carrier_gateway_id         = ""
              [32m+[0m[0m cidr_block                 = "0.0.0.0/0"
              [32m+[0m[0m core_network_arn           = ""
              [32m+[0m[0m destination_prefix_list_id = ""
              [32m+[0m[0m egress_only_gateway_id     = ""
              [32m+[0m[0m gateway_id                 = (known after apply)
              [32m+[0m[0m ipv6_cidr_block            = ""
              [32m+[0m[0m local_gateway_id           = ""
              [32m+[0m[0m nat_gateway_id             = ""
              [32m+[0m[0m network_interface_id       = ""
              [32m+[0m[0m transit_gateway_id         = ""
              [32m+[0m[0m vpc_endpoint_id            = ""
              [32m+[0m[0m vpc_peering_connection_id  = ""
            },
        ]
      [32m+[0m[0m tags             = {
          [32m+[0m[0m "Name" = "FP private route table"
        }
      [32m+[0m[0m tags_all         = {
          [32m+[0m[0m "Name" = "FP private route table"
        }
      [32m+[0m[0m vpc_id           = (known after apply)
    }

[1m  # module.networking.aws_route_table.private[1][0m will be created
[0m  [32m+[0m[0m resource "aws_route_table" "private" {
      [32m+[0m[0m arn              = (known after apply)
      [32m+[0m[0m id               = (known after apply)
      [32m+[0m[0m owner_id         = (known after apply)
      [32m+[0m[0m propagating_vgws = (known after apply)
      [32m+[0m[0m route            = [
          [32m+[0m[0m {
              [32m+[0m[0m carrier_gateway_id         = ""
              [32m+[0m[0m cidr_block                 = "0.0.0.0/0"
              [32m+[0m[0m core_network_arn           = ""
              [32m+[0m[0m destination_prefix_list_id = ""
              [32m+[0m[0m egress_only_gateway_id     = ""
              [32m+[0m[0m gateway_id                 = (known after apply)
              [32m+[0m[0m ipv6_cidr_block            = ""
              [32m+[0m[0m local_gateway_id           = ""
              [32m+[0m[0m nat_gateway_id             = ""
              [32m+[0m[0m network_interface_id       = ""
              [32m+[0m[0m transit_gateway_id         = ""
              [32m+[0m[0m vpc_endpoint_id            = ""
              [32m+[0m[0m vpc_peering_connection_id  = ""
            },
        ]
      [32m+[0m[0m tags             = {
          [32m+[0m[0m "Name" = "FP private route table"
        }
      [32m+[0m[0m tags_all         = {
          [32m+[0m[0m "Name" = "FP private route table"
        }
      [32m+[0m[0m vpc_id           = (known after apply)
    }

[1m  # module.networking.aws_route_table.public[0m will be created
[0m  [32m+[0m[0m resource "aws_route_table" "public" {
      [32m+[0m[0m arn              = (known after apply)
      [32m+[0m[0m id               = (known after apply)
      [32m+[0m[0m owner_id         = (known after apply)
      [32m+[0m[0m propagating_vgws = (known after apply)
      [32m+[0m[0m route            = [
          [32m+[0m[0m {
              [32m+[0m[0m carrier_gateway_id         = ""
              [32m+[0m[0m cidr_block                 = "0.0.0.0/0"
              [32m+[0m[0m core_network_arn           = ""
              [32m+[0m[0m destination_prefix_list_id = ""
              [32m+[0m[0m egress_only_gateway_id     = ""
              [32m+[0m[0m gateway_id                 = (known after apply)
              [32m+[0m[0m ipv6_cidr_block            = ""
              [32m+[0m[0m local_gateway_id           = ""
              [32m+[0m[0m nat_gateway_id             = ""
              [32m+[0m[0m network_interface_id       = ""
              [32m+[0m[0m transit_gateway_id         = ""
              [32m+[0m[0m vpc_endpoint_id            = ""
              [32m+[0m[0m vpc_peering_connection_id  = ""
            },
        ]
      [32m+[0m[0m tags             = {
          [32m+[0m[0m "Name" = "FP public route table"
        }
      [32m+[0m[0m tags_all         = {
          [32m+[0m[0m "Name" = "FP public route table"
        }
      [32m+[0m[0m vpc_id           = (known after apply)
    }

[1m  # module.networking.aws_route_table_association.private[0][0m will be created
[0m  [32m+[0m[0m resource "aws_route_table_association" "private" {
      [32m+[0m[0m id             = (known after apply)
      [32m+[0m[0m route_table_id = (known after apply)
      [32m+[0m[0m subnet_id      = (known after apply)
    }

[1m  # module.networking.aws_route_table_association.private[1][0m will be created
[0m  [32m+[0m[0m resource "aws_route_table_association" "private" {
      [32m+[0m[0m id             = (known after apply)
      [32m+[0m[0m route_table_id = (known after apply)
      [32m+[0m[0m subnet_id      = (known after apply)
    }

[1m  # module.networking.aws_route_table_association.public[0][0m will be created
[0m  [32m+[0m[0m resource "aws_route_table_association" "public" {
      [32m+[0m[0m id             = (known after apply)
      [32m+[0m[0m route_table_id = (known after apply)
      [32m+[0m[0m subnet_id      = (known after apply)
    }

[1m  # module.networking.aws_route_table_association.public[1][0m will be created
[0m  [32m+[0m[0m resource "aws_route_table_association" "public" {
      [32m+[0m[0m id             = (known after apply)
      [32m+[0m[0m route_table_id = (known after apply)
      [32m+[0m[0m subnet_id      = (known after apply)
    }

[1m  # module.networking.aws_security_group.alb1_sg[0m will be created
[0m  [32m+[0m[0m resource "aws_security_group" "alb1_sg" {
      [32m+[0m[0m arn                    = (known after apply)
      [32m+[0m[0m description            = "Managed by Terraform"
      [32m+[0m[0m egress                 = [
          [32m+[0m[0m {
              [32m+[0m[0m cidr_blocks      = [
                  [32m+[0m[0m "0.0.0.0/0",
                ]
              [32m+[0m[0m description      = ""
              [32m+[0m[0m from_port        = 0
              [32m+[0m[0m ipv6_cidr_blocks = []
              [32m+[0m[0m prefix_list_ids  = []
              [32m+[0m[0m protocol         = "-1"
              [32m+[0m[0m security_groups  = []
              [32m+[0m[0m self             = false
              [32m+[0m[0m to_port          = 0
            },
        ]
      [32m+[0m[0m id                     = (known after apply)
      [32m+[0m[0m ingress                = [
          [32m+[0m[0m {
              [32m+[0m[0m cidr_blocks      = [
                  [32m+[0m[0m "0.0.0.0/0",
                ]
              [32m+[0m[0m description      = "Allow consul UI access"
              [32m+[0m[0m from_port        = 8500
              [32m+[0m[0m ipv6_cidr_blocks = []
              [32m+[0m[0m prefix_list_ids  = []
              [32m+[0m[0m protocol         = "tcp"
              [32m+[0m[0m security_groups  = []
              [32m+[0m[0m self             = false
              [32m+[0m[0m to_port          = 8500
            },
          [32m+[0m[0m {
              [32m+[0m[0m cidr_blocks      = [
                  [32m+[0m[0m "0.0.0.0/0",
                ]
              [32m+[0m[0m description      = "Allow elastic UI secure access"
              [32m+[0m[0m from_port        = 5601
              [32m+[0m[0m ipv6_cidr_blocks = []
              [32m+[0m[0m prefix_list_ids  = []
              [32m+[0m[0m protocol         = "tcp"
              [32m+[0m[0m security_groups  = []
              [32m+[0m[0m self             = false
              [32m+[0m[0m to_port          = 5601
            },
          [32m+[0m[0m {
              [32m+[0m[0m cidr_blocks      = [
                  [32m+[0m[0m "0.0.0.0/0",
                ]
              [32m+[0m[0m description      = "Allow jenkins UI secure access"
              [32m+[0m[0m from_port        = 443
              [32m+[0m[0m ipv6_cidr_blocks = []
              [32m+[0m[0m prefix_list_ids  = []
              [32m+[0m[0m protocol         = "tcp"
              [32m+[0m[0m security_groups  = []
              [32m+[0m[0m self             = false
              [32m+[0m[0m to_port          = 443
            },
        ]
      [32m+[0m[0m name                   = "alb1-security-group"
      [32m+[0m[0m name_prefix            = (known after apply)
      [32m+[0m[0m owner_id               = (known after apply)
      [32m+[0m[0m revoke_rules_on_delete = false
      [32m+[0m[0m tags                   = {
          [32m+[0m[0m "Name" = "app balancer security group"
        }
      [32m+[0m[0m tags_all               = {
          [32m+[0m[0m "Name" = "app balancer security group"
        }
      [32m+[0m[0m vpc_id                 = (known after apply)
    }

[1m  # module.networking.aws_subnet.private[0][0m will be created
[0m  [32m+[0m[0m resource "aws_subnet" "private" {
      [32m+[0m[0m arn                                            = (known after apply)
      [32m+[0m[0m assign_ipv6_address_on_creation                = false
      [32m+[0m[0m availability_zone                              = "us-east-2a"
      [32m+[0m[0m availability_zone_id                           = (known after apply)
      [32m+[0m[0m cidr_block                                     = "10.0.6.0/24"
      [32m+[0m[0m enable_dns64                                   = false
      [32m+[0m[0m enable_resource_name_dns_a_record_on_launch    = false
      [32m+[0m[0m enable_resource_name_dns_aaaa_record_on_launch = false
      [32m+[0m[0m id                                             = (known after apply)
      [32m+[0m[0m ipv6_cidr_block_association_id                 = (known after apply)
      [32m+[0m[0m ipv6_native                                    = false
      [32m+[0m[0m map_public_ip_on_launch                        = false
      [32m+[0m[0m owner_id                                       = (known after apply)
      [32m+[0m[0m private_dns_hostname_type_on_launch            = (known after apply)
      [32m+[0m[0m tags                                           = {
          [32m+[0m[0m "Name" = "FP Private Subnet_0"
        }
      [32m+[0m[0m tags_all                                       = {
          [32m+[0m[0m "Name" = "FP Private Subnet_0"
        }
      [32m+[0m[0m vpc_id                                         = (known after apply)
    }

[1m  # module.networking.aws_subnet.private[1][0m will be created
[0m  [32m+[0m[0m resource "aws_subnet" "private" {
      [32m+[0m[0m arn                                            = (known after apply)
      [32m+[0m[0m assign_ipv6_address_on_creation                = false
      [32m+[0m[0m availability_zone                              = "us-east-2b"
      [32m+[0m[0m availability_zone_id                           = (known after apply)
      [32m+[0m[0m cidr_block                                     = "10.0.7.0/24"
      [32m+[0m[0m enable_dns64                                   = false
      [32m+[0m[0m enable_resource_name_dns_a_record_on_launch    = false
      [32m+[0m[0m enable_resource_name_dns_aaaa_record_on_launch = false
      [32m+[0m[0m id                                             = (known after apply)
      [32m+[0m[0m ipv6_cidr_block_association_id                 = (known after apply)
      [32m+[0m[0m ipv6_native                                    = false
      [32m+[0m[0m map_public_ip_on_launch                        = false
      [32m+[0m[0m owner_id                                       = (known after apply)
      [32m+[0m[0m private_dns_hostname_type_on_launch            = (known after apply)
      [32m+[0m[0m tags                                           = {
          [32m+[0m[0m "Name" = "FP Private Subnet_1"
        }
      [32m+[0m[0m tags_all                                       = {
          [32m+[0m[0m "Name" = "FP Private Subnet_1"
        }
      [32m+[0m[0m vpc_id                                         = (known after apply)
    }

[1m  # module.networking.aws_subnet.public[0][0m will be created
[0m  [32m+[0m[0m resource "aws_subnet" "public" {
      [32m+[0m[0m arn                                            = (known after apply)
      [32m+[0m[0m assign_ipv6_address_on_creation                = false
      [32m+[0m[0m availability_zone                              = "us-east-2a"
      [32m+[0m[0m availability_zone_id                           = (known after apply)
      [32m+[0m[0m cidr_block                                     = "10.0.4.0/24"
      [32m+[0m[0m enable_dns64                                   = false
      [32m+[0m[0m enable_resource_name_dns_a_record_on_launch    = false
      [32m+[0m[0m enable_resource_name_dns_aaaa_record_on_launch = false
      [32m+[0m[0m id                                             = (known after apply)
      [32m+[0m[0m ipv6_cidr_block_association_id                 = (known after apply)
      [32m+[0m[0m ipv6_native                                    = false
      [32m+[0m[0m map_public_ip_on_launch                        = true
      [32m+[0m[0m owner_id                                       = (known after apply)
      [32m+[0m[0m private_dns_hostname_type_on_launch            = (known after apply)
      [32m+[0m[0m tags                                           = {
          [32m+[0m[0m "Name" = "FP Public Subnet_0"
        }
      [32m+[0m[0m tags_all                                       = {
          [32m+[0m[0m "Name" = "FP Public Subnet_0"
        }
      [32m+[0m[0m vpc_id                                         = (known after apply)
    }

[1m  # module.networking.aws_subnet.public[1][0m will be created
[0m  [32m+[0m[0m resource "aws_subnet" "public" {
      [32m+[0m[0m arn                                            = (known after apply)
      [32m+[0m[0m assign_ipv6_address_on_creation                = false
      [32m+[0m[0m availability_zone                              = "us-east-2b"
      [32m+[0m[0m availability_zone_id                           = (known after apply)
      [32m+[0m[0m cidr_block                                     = "10.0.5.0/24"
      [32m+[0m[0m enable_dns64                                   = false
      [32m+[0m[0m enable_resource_name_dns_a_record_on_launch    = false
      [32m+[0m[0m enable_resource_name_dns_aaaa_record_on_launch = false
      [32m+[0m[0m id                                             = (known after apply)
      [32m+[0m[0m ipv6_cidr_block_association_id                 = (known after apply)
      [32m+[0m[0m ipv6_native                                    = false
      [32m+[0m[0m map_public_ip_on_launch                        = true
      [32m+[0m[0m owner_id                                       = (known after apply)
      [32m+[0m[0m private_dns_hostname_type_on_launch            = (known after apply)
      [32m+[0m[0m tags                                           = {
          [32m+[0m[0m "Name" = "FP Public Subnet_1"
        }
      [32m+[0m[0m tags_all                                       = {
          [32m+[0m[0m "Name" = "FP Public Subnet_1"
        }
      [32m+[0m[0m vpc_id                                         = (known after apply)
    }

[1m  # module.networking.aws_vpc.evgy_vpc[0m will be created
[0m  [32m+[0m[0m resource "aws_vpc" "evgy_vpc" {
      [32m+[0m[0m arn                                  = (known after apply)
      [32m+[0m[0m cidr_block                           = "10.0.0.0/16"
      [32m+[0m[0m default_network_acl_id               = (known after apply)
      [32m+[0m[0m default_route_table_id               = (known after apply)
      [32m+[0m[0m default_security_group_id            = (known after apply)
      [32m+[0m[0m dhcp_options_id                      = (known after apply)
      [32m+[0m[0m enable_dns_hostnames                 = (known after apply)
      [32m+[0m[0m enable_dns_support                   = true
      [32m+[0m[0m enable_network_address_usage_metrics = (known after apply)
      [32m+[0m[0m id                                   = (known after apply)
      [32m+[0m[0m instance_tenancy                     = "default"
      [32m+[0m[0m ipv6_association_id                  = (known after apply)
      [32m+[0m[0m ipv6_cidr_block                      = (known after apply)
      [32m+[0m[0m ipv6_cidr_block_network_border_group = (known after apply)
      [32m+[0m[0m main_route_table_id                  = (known after apply)
      [32m+[0m[0m owner_id                             = (known after apply)
      [32m+[0m[0m tags                                 = {
          [32m+[0m[0m "Name" = "Evgy FinalProject VPC"
        }
      [32m+[0m[0m tags_all                             = {
          [32m+[0m[0m "Name" = "Evgy FinalProject VPC"
        }
    }

[1m  # module.ssh_keys.aws_key_pair.server_key[0][0m will be created
[0m  [32m+[0m[0m resource "aws_key_pair" "server_key" {
      [32m+[0m[0m arn             = (known after apply)
      [32m+[0m[0m fingerprint     = (known after apply)
      [32m+[0m[0m id              = (known after apply)
      [32m+[0m[0m key_name        = "consul_key"
      [32m+[0m[0m key_name_prefix = (known after apply)
      [32m+[0m[0m key_pair_id     = (known after apply)
      [32m+[0m[0m key_type        = (known after apply)
      [32m+[0m[0m public_key      = (known after apply)
      [32m+[0m[0m tags_all        = (known after apply)
    }

[1m  # module.ssh_keys.aws_key_pair.server_key[1][0m will be created
[0m  [32m+[0m[0m resource "aws_key_pair" "server_key" {
      [32m+[0m[0m arn             = (known after apply)
      [32m+[0m[0m fingerprint     = (known after apply)
      [32m+[0m[0m id              = (known after apply)
      [32m+[0m[0m key_name        = "jenkins_key"
      [32m+[0m[0m key_name_prefix = (known after apply)
      [32m+[0m[0m key_pair_id     = (known after apply)
      [32m+[0m[0m key_type        = (known after apply)
      [32m+[0m[0m public_key      = (known after apply)
      [32m+[0m[0m tags_all        = (known after apply)
    }

[1m  # module.ssh_keys.aws_key_pair.server_key[2][0m will be created
[0m  [32m+[0m[0m resource "aws_key_pair" "server_key" {
      [32m+[0m[0m arn             = (known after apply)
      [32m+[0m[0m fingerprint     = (known after apply)
      [32m+[0m[0m id              = (known after apply)
      [32m+[0m[0m key_name        = "vpn_key"
      [32m+[0m[0m key_name_prefix = (known after apply)
      [32m+[0m[0m key_pair_id     = (known after apply)
      [32m+[0m[0m key_type        = (known after apply)
      [32m+[0m[0m public_key      = (known after apply)
      [32m+[0m[0m tags_all        = (known after apply)
    }

[1m  # module.ssh_keys.aws_key_pair.server_key[3][0m will be created
[0m  [32m+[0m[0m resource "aws_key_pair" "server_key" {
      [32m+[0m[0m arn             = (known after apply)
      [32m+[0m[0m fingerprint     = (known after apply)
      [32m+[0m[0m id              = (known after apply)
      [32m+[0m[0m key_name        = "monitor_key"
      [32m+[0m[0m key_name_prefix = (known after apply)
      [32m+[0m[0m key_pair_id     = (known after apply)
      [32m+[0m[0m key_type        = (known after apply)
      [32m+[0m[0m public_key      = (known after apply)
      [32m+[0m[0m tags_all        = (known after apply)
    }

[1m  # module.ssh_keys.aws_key_pair.server_key[4][0m will be created
[0m  [32m+[0m[0m resource "aws_key_pair" "server_key" {
      [32m+[0m[0m arn             = (known after apply)
      [32m+[0m[0m fingerprint     = (known after apply)
      [32m+[0m[0m id              = (known after apply)
      [32m+[0m[0m key_name        = "logging_key"
      [32m+[0m[0m key_name_prefix = (known after apply)
      [32m+[0m[0m key_pair_id     = (known after apply)
      [32m+[0m[0m key_type        = (known after apply)
      [32m+[0m[0m public_key      = (known after apply)
      [32m+[0m[0m tags_all        = (known after apply)
    }

[1m  # module.ssh_keys.local_sensitive_file.authorized_keys[0][0m will be created
[0m  [32m+[0m[0m resource "local_sensitive_file" "authorized_keys" {
      [32m+[0m[0m content              = (sensitive value)
      [32m+[0m[0m content_base64sha256 = (known after apply)
      [32m+[0m[0m content_base64sha512 = (known after apply)
      [32m+[0m[0m content_md5          = (known after apply)
      [32m+[0m[0m content_sha1         = (known after apply)
      [32m+[0m[0m content_sha256       = (known after apply)
      [32m+[0m[0m content_sha512       = (known after apply)
      [32m+[0m[0m directory_permission = "0700"
      [32m+[0m[0m file_permission      = "0600"
      [32m+[0m[0m filename             = "./keys/authorized_keys"
      [32m+[0m[0m id                   = (known after apply)
    }

[1m  # module.ssh_keys.local_sensitive_file.authorized_keys[1][0m will be created
[0m  [32m+[0m[0m resource "local_sensitive_file" "authorized_keys" {
      [32m+[0m[0m content              = (sensitive value)
      [32m+[0m[0m content_base64sha256 = (known after apply)
      [32m+[0m[0m content_base64sha512 = (known after apply)
      [32m+[0m[0m content_md5          = (known after apply)
      [32m+[0m[0m content_sha1         = (known after apply)
      [32m+[0m[0m content_sha256       = (known after apply)
      [32m+[0m[0m content_sha512       = (known after apply)
      [32m+[0m[0m directory_permission = "0700"
      [32m+[0m[0m file_permission      = "0600"
      [32m+[0m[0m filename             = "./keys/authorized_keys"
      [32m+[0m[0m id                   = (known after apply)
    }

[1m  # module.ssh_keys.local_sensitive_file.authorized_keys[2][0m will be created
[0m  [32m+[0m[0m resource "local_sensitive_file" "authorized_keys" {
      [32m+[0m[0m content              = (sensitive value)
      [32m+[0m[0m content_base64sha256 = (known after apply)
      [32m+[0m[0m content_base64sha512 = (known after apply)
      [32m+[0m[0m content_md5          = (known after apply)
      [32m+[0m[0m content_sha1         = (known after apply)
      [32m+[0m[0m content_sha256       = (known after apply)
      [32m+[0m[0m content_sha512       = (known after apply)
      [32m+[0m[0m directory_permission = "0700"
      [32m+[0m[0m file_permission      = "0600"
      [32m+[0m[0m filename             = "./keys/authorized_keys"
      [32m+[0m[0m id                   = (known after apply)
    }

[1m  # module.ssh_keys.local_sensitive_file.authorized_keys[3][0m will be created
[0m  [32m+[0m[0m resource "local_sensitive_file" "authorized_keys" {
      [32m+[0m[0m content              = (sensitive value)
      [32m+[0m[0m content_base64sha256 = (known after apply)
      [32m+[0m[0m content_base64sha512 = (known after apply)
      [32m+[0m[0m content_md5          = (known after apply)
      [32m+[0m[0m content_sha1         = (known after apply)
      [32m+[0m[0m content_sha256       = (known after apply)
      [32m+[0m[0m content_sha512       = (known after apply)
      [32m+[0m[0m directory_permission = "0700"
      [32m+[0m[0m file_permission      = "0600"
      [32m+[0m[0m filename             = "./keys/authorized_keys"
      [32m+[0m[0m id                   = (known after apply)
    }

[1m  # module.ssh_keys.local_sensitive_file.authorized_keys[4][0m will be created
[0m  [32m+[0m[0m resource "local_sensitive_file" "authorized_keys" {
      [32m+[0m[0m content              = (sensitive value)
      [32m+[0m[0m content_base64sha256 = (known after apply)
      [32m+[0m[0m content_base64sha512 = (known after apply)
      [32m+[0m[0m content_md5          = (known after apply)
      [32m+[0m[0m content_sha1         = (known after apply)
      [32m+[0m[0m content_sha256       = (known after apply)
      [32m+[0m[0m content_sha512       = (known after apply)
      [32m+[0m[0m directory_permission = "0700"
      [32m+[0m[0m file_permission      = "0600"
      [32m+[0m[0m filename             = "./keys/authorized_keys"
      [32m+[0m[0m id                   = (known after apply)
    }

[1m  # module.ssh_keys.local_sensitive_file.server_key_private[0][0m will be created
[0m  [32m+[0m[0m resource "local_sensitive_file" "server_key_private" {
      [32m+[0m[0m content              = (sensitive value)
      [32m+[0m[0m content_base64sha256 = (known after apply)
      [32m+[0m[0m content_base64sha512 = (known after apply)
      [32m+[0m[0m content_md5          = (known after apply)
      [32m+[0m[0m content_sha1         = (known after apply)
      [32m+[0m[0m content_sha256       = (known after apply)
      [32m+[0m[0m content_sha512       = (known after apply)
      [32m+[0m[0m directory_permission = "0700"
      [32m+[0m[0m file_permission      = "0600"
      [32m+[0m[0m filename             = "./keys/consul_key.pem"
      [32m+[0m[0m id                   = (known after apply)
    }

[1m  # module.ssh_keys.local_sensitive_file.server_key_private[1][0m will be created
[0m  [32m+[0m[0m resource "local_sensitive_file" "server_key_private" {
      [32m+[0m[0m content              = (sensitive value)
      [32m+[0m[0m content_base64sha256 = (known after apply)
      [32m+[0m[0m content_base64sha512 = (known after apply)
      [32m+[0m[0m content_md5          = (known after apply)
      [32m+[0m[0m content_sha1         = (known after apply)
      [32m+[0m[0m content_sha256       = (known after apply)
      [32m+[0m[0m content_sha512       = (known after apply)
      [32m+[0m[0m directory_permission = "0700"
      [32m+[0m[0m file_permission      = "0600"
      [32m+[0m[0m filename             = "./keys/jenkins_key.pem"
      [32m+[0m[0m id                   = (known after apply)
    }

[1m  # module.ssh_keys.local_sensitive_file.server_key_private[2][0m will be created
[0m  [32m+[0m[0m resource "local_sensitive_file" "server_key_private" {
      [32m+[0m[0m content              = (sensitive value)
      [32m+[0m[0m content_base64sha256 = (known after apply)
      [32m+[0m[0m content_base64sha512 = (known after apply)
      [32m+[0m[0m content_md5          = (known after apply)
      [32m+[0m[0m content_sha1         = (known after apply)
      [32m+[0m[0m content_sha256       = (known after apply)
      [32m+[0m[0m content_sha512       = (known after apply)
      [32m+[0m[0m directory_permission = "0700"
      [32m+[0m[0m file_permission      = "0600"
      [32m+[0m[0m filename             = "./keys/vpn_key.pem"
      [32m+[0m[0m id                   = (known after apply)
    }

[1m  # module.ssh_keys.local_sensitive_file.server_key_private[3][0m will be created
[0m  [32m+[0m[0m resource "local_sensitive_file" "server_key_private" {
      [32m+[0m[0m content              = (sensitive value)
      [32m+[0m[0m content_base64sha256 = (known after apply)
      [32m+[0m[0m content_base64sha512 = (known after apply)
      [32m+[0m[0m content_md5          = (known after apply)
      [32m+[0m[0m content_sha1         = (known after apply)
      [32m+[0m[0m content_sha256       = (known after apply)
      [32m+[0m[0m content_sha512       = (known after apply)
      [32m+[0m[0m directory_permission = "0700"
      [32m+[0m[0m file_permission      = "0600"
      [32m+[0m[0m filename             = "./keys/monitor_key.pem"
      [32m+[0m[0m id                   = (known after apply)
    }

[1m  # module.ssh_keys.local_sensitive_file.server_key_private[4][0m will be created
[0m  [32m+[0m[0m resource "local_sensitive_file" "server_key_private" {
      [32m+[0m[0m content              = (sensitive value)
      [32m+[0m[0m content_base64sha256 = (known after apply)
      [32m+[0m[0m content_base64sha512 = (known after apply)
      [32m+[0m[0m content_md5          = (known after apply)
      [32m+[0m[0m content_sha1         = (known after apply)
      [32m+[0m[0m content_sha256       = (known after apply)
      [32m+[0m[0m content_sha512       = (known after apply)
      [32m+[0m[0m directory_permission = "0700"
      [32m+[0m[0m file_permission      = "0600"
      [32m+[0m[0m filename             = "./keys/logging_key.pem"
      [32m+[0m[0m id                   = (known after apply)
    }

[1m  # module.ssh_keys.local_sensitive_file.server_key_public[0][0m will be created
[0m  [32m+[0m[0m resource "local_sensitive_file" "server_key_public" {
      [32m+[0m[0m content              = (sensitive value)
      [32m+[0m[0m content_base64sha256 = (known after apply)
      [32m+[0m[0m content_base64sha512 = (known after apply)
      [32m+[0m[0m content_md5          = (known after apply)
      [32m+[0m[0m content_sha1         = (known after apply)
      [32m+[0m[0m content_sha256       = (known after apply)
      [32m+[0m[0m content_sha512       = (known after apply)
      [32m+[0m[0m directory_permission = "0700"
      [32m+[0m[0m file_permission      = "0600"
      [32m+[0m[0m filename             = "./keys/consul_key.pub"
      [32m+[0m[0m id                   = (known after apply)
    }

[1m  # module.ssh_keys.local_sensitive_file.server_key_public[1][0m will be created
[0m  [32m+[0m[0m resource "local_sensitive_file" "server_key_public" {
      [32m+[0m[0m content              = (sensitive value)
      [32m+[0m[0m content_base64sha256 = (known after apply)
      [32m+[0m[0m content_base64sha512 = (known after apply)
      [32m+[0m[0m content_md5          = (known after apply)
      [32m+[0m[0m content_sha1         = (known after apply)
      [32m+[0m[0m content_sha256       = (known after apply)
      [32m+[0m[0m content_sha512       = (known after apply)
      [32m+[0m[0m directory_permission = "0700"
      [32m+[0m[0m file_permission      = "0600"
      [32m+[0m[0m filename             = "./keys/jenkins_key.pub"
      [32m+[0m[0m id                   = (known after apply)
    }

[1m  # module.ssh_keys.local_sensitive_file.server_key_public[2][0m will be created
[0m  [32m+[0m[0m resource "local_sensitive_file" "server_key_public" {
      [32m+[0m[0m content              = (sensitive value)
      [32m+[0m[0m content_base64sha256 = (known after apply)
      [32m+[0m[0m content_base64sha512 = (known after apply)
      [32m+[0m[0m content_md5          = (known after apply)
      [32m+[0m[0m content_sha1         = (known after apply)
      [32m+[0m[0m content_sha256       = (known after apply)
      [32m+[0m[0m content_sha512       = (known after apply)
      [32m+[0m[0m directory_permission = "0700"
      [32m+[0m[0m file_permission      = "0600"
      [32m+[0m[0m filename             = "./keys/vpn_key.pub"
      [32m+[0m[0m id                   = (known after apply)
    }

[1m  # module.ssh_keys.local_sensitive_file.server_key_public[3][0m will be created
[0m  [32m+[0m[0m resource "local_sensitive_file" "server_key_public" {
      [32m+[0m[0m content              = (sensitive value)
      [32m+[0m[0m content_base64sha256 = (known after apply)
      [32m+[0m[0m content_base64sha512 = (known after apply)
      [32m+[0m[0m content_md5          = (known after apply)
      [32m+[0m[0m content_sha1         = (known after apply)
      [32m+[0m[0m content_sha256       = (known after apply)
      [32m+[0m[0m content_sha512       = (known after apply)
      [32m+[0m[0m directory_permission = "0700"
      [32m+[0m[0m file_permission      = "0600"
      [32m+[0m[0m filename             = "./keys/monitor_key.pub"
      [32m+[0m[0m id                   = (known after apply)
    }

[1m  # module.ssh_keys.local_sensitive_file.server_key_public[4][0m will be created
[0m  [32m+[0m[0m resource "local_sensitive_file" "server_key_public" {
      [32m+[0m[0m content              = (sensitive value)
      [32m+[0m[0m content_base64sha256 = (known after apply)
      [32m+[0m[0m content_base64sha512 = (known after apply)
      [32m+[0m[0m content_md5          = (known after apply)
      [32m+[0m[0m content_sha1         = (known after apply)
      [32m+[0m[0m content_sha256       = (known after apply)
      [32m+[0m[0m content_sha512       = (known after apply)
      [32m+[0m[0m directory_permission = "0700"
      [32m+[0m[0m file_permission      = "0600"
      [32m+[0m[0m filename             = "./keys/logging_key.pub"
      [32m+[0m[0m id                   = (known after apply)
    }

[1m  # module.ssh_keys.tls_private_key.server_key[0][0m will be created
[0m  [32m+[0m[0m resource "tls_private_key" "server_key" {
      [32m+[0m[0m algorithm                     = "RSA"
      [32m+[0m[0m ecdsa_curve                   = "P224"
      [32m+[0m[0m id                            = (known after apply)
      [32m+[0m[0m private_key_openssh           = (sensitive value)
      [32m+[0m[0m private_key_pem               = (sensitive value)
      [32m+[0m[0m private_key_pem_pkcs8         = (sensitive value)
      [32m+[0m[0m public_key_fingerprint_md5    = (known after apply)
      [32m+[0m[0m public_key_fingerprint_sha256 = (known after apply)
      [32m+[0m[0m public_key_openssh            = (known after apply)
      [32m+[0m[0m public_key_pem                = (known after apply)
      [32m+[0m[0m rsa_bits                      = 4096
    }

[1m  # module.ssh_keys.tls_private_key.server_key[1][0m will be created
[0m  [32m+[0m[0m resource "tls_private_key" "server_key" {
      [32m+[0m[0m algorithm                     = "RSA"
      [32m+[0m[0m ecdsa_curve                   = "P224"
      [32m+[0m[0m id                            = (known after apply)
      [32m+[0m[0m private_key_openssh           = (sensitive value)
      [32m+[0m[0m private_key_pem               = (sensitive value)
      [32m+[0m[0m private_key_pem_pkcs8         = (sensitive value)
      [32m+[0m[0m public_key_fingerprint_md5    = (known after apply)
      [32m+[0m[0m public_key_fingerprint_sha256 = (known after apply)
      [32m+[0m[0m public_key_openssh            = (known after apply)
      [32m+[0m[0m public_key_pem                = (known after apply)
      [32m+[0m[0m rsa_bits                      = 4096
    }

[1m  # module.ssh_keys.tls_private_key.server_key[2][0m will be created
[0m  [32m+[0m[0m resource "tls_private_key" "server_key" {
      [32m+[0m[0m algorithm                     = "RSA"
      [32m+[0m[0m ecdsa_curve                   = "P224"
      [32m+[0m[0m id                            = (known after apply)
      [32m+[0m[0m private_key_openssh           = (sensitive value)
      [32m+[0m[0m private_key_pem               = (sensitive value)
      [32m+[0m[0m private_key_pem_pkcs8         = (sensitive value)
      [32m+[0m[0m public_key_fingerprint_md5    = (known after apply)
      [32m+[0m[0m public_key_fingerprint_sha256 = (known after apply)
      [32m+[0m[0m public_key_openssh            = (known after apply)
      [32m+[0m[0m public_key_pem                = (known after apply)
      [32m+[0m[0m rsa_bits                      = 4096
    }

[1m  # module.ssh_keys.tls_private_key.server_key[3][0m will be created
[0m  [32m+[0m[0m resource "tls_private_key" "server_key" {
      [32m+[0m[0m algorithm                     = "RSA"
      [32m+[0m[0m ecdsa_curve                   = "P224"
      [32m+[0m[0m id                            = (known after apply)
      [32m+[0m[0m private_key_openssh           = (sensitive value)
      [32m+[0m[0m private_key_pem               = (sensitive value)
      [32m+[0m[0m private_key_pem_pkcs8         = (sensitive value)
      [32m+[0m[0m public_key_fingerprint_md5    = (known after apply)
      [32m+[0m[0m public_key_fingerprint_sha256 = (known after apply)
      [32m+[0m[0m public_key_openssh            = (known after apply)
      [32m+[0m[0m public_key_pem                = (known after apply)
      [32m+[0m[0m rsa_bits                      = 4096
    }

[1m  # module.ssh_keys.tls_private_key.server_key[4][0m will be created
[0m  [32m+[0m[0m resource "tls_private_key" "server_key" {
      [32m+[0m[0m algorithm                     = "RSA"
      [32m+[0m[0m ecdsa_curve                   = "P224"
      [32m+[0m[0m id                            = (known after apply)
      [32m+[0m[0m private_key_openssh           = (sensitive value)
      [32m+[0m[0m private_key_pem               = (sensitive value)
      [32m+[0m[0m private_key_pem_pkcs8         = (sensitive value)
      [32m+[0m[0m public_key_fingerprint_md5    = (known after apply)
      [32m+[0m[0m public_key_fingerprint_sha256 = (known after apply)
      [32m+[0m[0m public_key_openssh            = (known after apply)
      [32m+[0m[0m public_key_pem                = (known after apply)
      [32m+[0m[0m rsa_bits                      = 4096
    }

[1m  # module.vpn.aws_instance.vpn[0m will be created
[0m  [32m+[0m[0m resource "aws_instance" "vpn" {
      [32m+[0m[0m ami                                  = "ami-04406fdec0f245050"
      [32m+[0m[0m arn                                  = (known after apply)
      [32m+[0m[0m associate_public_ip_address          = (known after apply)
      [32m+[0m[0m availability_zone                    = (known after apply)
      [32m+[0m[0m cpu_core_count                       = (known after apply)
      [32m+[0m[0m cpu_threads_per_core                 = (known after apply)
      [32m+[0m[0m disable_api_stop                     = (known after apply)
      [32m+[0m[0m disable_api_termination              = (known after apply)
      [32m+[0m[0m ebs_optimized                        = (known after apply)
      [32m+[0m[0m get_password_data                    = false
      [32m+[0m[0m host_id                              = (known after apply)
      [32m+[0m[0m host_resource_group_arn              = (known after apply)
      [32m+[0m[0m iam_instance_profile                 = (known after apply)
      [32m+[0m[0m id                                   = (known after apply)
      [32m+[0m[0m instance_initiated_shutdown_behavior = (known after apply)
      [32m+[0m[0m instance_lifecycle                   = (known after apply)
      [32m+[0m[0m instance_state                       = (known after apply)
      [32m+[0m[0m instance_type                        = "t2.micro"
      [32m+[0m[0m ipv6_address_count                   = (known after apply)
      [32m+[0m[0m ipv6_addresses                       = (known after apply)
      [32m+[0m[0m key_name                             = (known after apply)
      [32m+[0m[0m monitoring                           = (known after apply)
      [32m+[0m[0m outpost_arn                          = (known after apply)
      [32m+[0m[0m password_data                        = (known after apply)
      [32m+[0m[0m placement_group                      = (known after apply)
      [32m+[0m[0m placement_partition_number           = (known after apply)
      [32m+[0m[0m primary_network_interface_id         = (known after apply)
      [32m+[0m[0m private_dns                          = (known after apply)
      [32m+[0m[0m private_ip                           = (known after apply)
      [32m+[0m[0m public_dns                           = (known after apply)
      [32m+[0m[0m public_ip                            = (known after apply)
      [32m+[0m[0m secondary_private_ips                = (known after apply)
      [32m+[0m[0m security_groups                      = (known after apply)
      [32m+[0m[0m source_dest_check                    = true
      [32m+[0m[0m spot_instance_request_id             = (known after apply)
      [32m+[0m[0m subnet_id                            = (known after apply)
      [32m+[0m[0m tags                                 = {
          [32m+[0m[0m "name" = "FP Vpn Server"
          [32m+[0m[0m "port" = "1194"
          [32m+[0m[0m "role" = "vpn_server"
        }
      [32m+[0m[0m tags_all                             = {
          [32m+[0m[0m "name" = "FP Vpn Server"
          [32m+[0m[0m "port" = "1194"
          [32m+[0m[0m "role" = "vpn_server"
        }
      [32m+[0m[0m tenancy                              = (known after apply)
      [32m+[0m[0m user_data                            = "e0f3c18c3945374f2110d92f07aaff461823f8e2"
      [32m+[0m[0m user_data_base64                     = (known after apply)
      [32m+[0m[0m user_data_replace_on_change          = false
      [32m+[0m[0m vpc_security_group_ids               = (known after apply)
    }

[1m  # module.vpn.aws_security_group.vpn_sg[0m will be created
[0m  [32m+[0m[0m resource "aws_security_group" "vpn_sg" {
      [32m+[0m[0m arn                    = (known after apply)
      [32m+[0m[0m description            = "Allow straffic via VPN  "
      [32m+[0m[0m egress                 = [
          [32m+[0m[0m {
              [32m+[0m[0m cidr_blocks      = [
                  [32m+[0m[0m "0.0.0.0/0",
                ]
              [32m+[0m[0m description      = "Allow all outside security group"
              [32m+[0m[0m from_port        = 0
              [32m+[0m[0m ipv6_cidr_blocks = []
              [32m+[0m[0m prefix_list_ids  = []
              [32m+[0m[0m protocol         = "-1"
              [32m+[0m[0m security_groups  = []
              [32m+[0m[0m self             = false
              [32m+[0m[0m to_port          = 0
            },
        ]
      [32m+[0m[0m id                     = (known after apply)
      [32m+[0m[0m ingress                = [
          [32m+[0m[0m {
              [32m+[0m[0m cidr_blocks      = [
                  [32m+[0m[0m "0.0.0.0/0",
                ]
              [32m+[0m[0m description      = "Allow ssh"
              [32m+[0m[0m from_port        = 22
              [32m+[0m[0m ipv6_cidr_blocks = []
              [32m+[0m[0m prefix_list_ids  = []
              [32m+[0m[0m protocol         = "tcp"
              [32m+[0m[0m security_groups  = []
              [32m+[0m[0m self             = false
              [32m+[0m[0m to_port          = 22
            },
          [32m+[0m[0m {
              [32m+[0m[0m cidr_blocks      = [
                  [32m+[0m[0m "0.0.0.0/0",
                ]
              [32m+[0m[0m description      = "node-exporter"
              [32m+[0m[0m from_port        = 9100
              [32m+[0m[0m ipv6_cidr_blocks = []
              [32m+[0m[0m prefix_list_ids  = []
              [32m+[0m[0m protocol         = "tcp"
              [32m+[0m[0m security_groups  = []
              [32m+[0m[0m self             = false
              [32m+[0m[0m to_port          = 9100
            },
          [32m+[0m[0m {
              [32m+[0m[0m cidr_blocks      = [
                  [32m+[0m[0m "0.0.0.0/0",
                ]
              [32m+[0m[0m description      = "openvpn1"
              [32m+[0m[0m from_port        = 943
              [32m+[0m[0m ipv6_cidr_blocks = []
              [32m+[0m[0m prefix_list_ids  = []
              [32m+[0m[0m protocol         = "tcp"
              [32m+[0m[0m security_groups  = []
              [32m+[0m[0m self             = false
              [32m+[0m[0m to_port          = 943
            },
          [32m+[0m[0m {
              [32m+[0m[0m cidr_blocks      = [
                  [32m+[0m[0m "0.0.0.0/0",
                ]
              [32m+[0m[0m description      = "openvpn2"
              [32m+[0m[0m from_port        = 443
              [32m+[0m[0m ipv6_cidr_blocks = []
              [32m+[0m[0m prefix_list_ids  = []
              [32m+[0m[0m protocol         = "tcp"
              [32m+[0m[0m security_groups  = []
              [32m+[0m[0m self             = false
              [32m+[0m[0m to_port          = 443
            },
          [32m+[0m[0m {
              [32m+[0m[0m cidr_blocks      = [
                  [32m+[0m[0m "0.0.0.0/0",
                ]
              [32m+[0m[0m description      = "openvpn2"
              [32m+[0m[0m from_port        = 945
              [32m+[0m[0m ipv6_cidr_blocks = []
              [32m+[0m[0m prefix_list_ids  = []
              [32m+[0m[0m protocol         = "tcp"
              [32m+[0m[0m security_groups  = []
              [32m+[0m[0m self             = false
              [32m+[0m[0m to_port          = 945
            },
          [32m+[0m[0m {
              [32m+[0m[0m cidr_blocks      = [
                  [32m+[0m[0m "0.0.0.0/0",
                ]
              [32m+[0m[0m description      = "openvpn3"
              [32m+[0m[0m from_port        = 1194
              [32m+[0m[0m ipv6_cidr_blocks = []
              [32m+[0m[0m prefix_list_ids  = []
              [32m+[0m[0m protocol         = "udp"
              [32m+[0m[0m security_groups  = []
              [32m+[0m[0m self             = false
              [32m+[0m[0m to_port          = 1194
            },
          [32m+[0m[0m {
              [32m+[0m[0m cidr_blocks      = [
                  [32m+[0m[0m "10.0.0.0/16",
                ]
              [32m+[0m[0m description      = "Allow https"
              [32m+[0m[0m from_port        = 443
              [32m+[0m[0m ipv6_cidr_blocks = []
              [32m+[0m[0m prefix_list_ids  = []
              [32m+[0m[0m protocol         = "tcp"
              [32m+[0m[0m security_groups  = []
              [32m+[0m[0m self             = false
              [32m+[0m[0m to_port          = 443
            },
        ]
      [32m+[0m[0m name                   = "vpn_sg"
      [32m+[0m[0m name_prefix            = (known after apply)
      [32m+[0m[0m owner_id               = (known after apply)
      [32m+[0m[0m revoke_rules_on_delete = false
      [32m+[0m[0m tags                   = {
          [32m+[0m[0m "name" = "vpn_sg"
        }
      [32m+[0m[0m tags_all               = {
          [32m+[0m[0m "name" = "vpn_sg"
        }
      [32m+[0m[0m vpc_id                 = (known after apply)
    }

[1m  # module.k8s.module.eks.data.tls_certificate.this[0][0m will be read during apply
  # (config refers to values not yet known)
[0m [36m<=[0m[0m data "tls_certificate" "this" {
      [32m+[0m[0m certificates = (known after apply)
      [32m+[0m[0m id           = (known after apply)
      [32m+[0m[0m url          = (known after apply)
    }

[1m  # module.k8s.module.eks.aws_cloudwatch_log_group.this[0][0m will be created
[0m  [32m+[0m[0m resource "aws_cloudwatch_log_group" "this" {
      [32m+[0m[0m arn               = (known after apply)
      [32m+[0m[0m id                = (known after apply)
      [32m+[0m[0m name              = "/aws/eks/f-project-eks-cluster/cluster"
      [32m+[0m[0m name_prefix       = (known after apply)
      [32m+[0m[0m retention_in_days = 90
      [32m+[0m[0m skip_destroy      = false
      [32m+[0m[0m tags              = {
          [32m+[0m[0m "GithubOrg"  = "terraform-aws-modules"
          [32m+[0m[0m "GithubRepo" = "terraform-aws-eks"
          [32m+[0m[0m "Name"       = "eks-cluster-kandula_evgy"
          [32m+[0m[0m "env"        = "kandula_evgy"
        }
      [32m+[0m[0m tags_all          = {
          [32m+[0m[0m "GithubOrg"  = "terraform-aws-modules"
          [32m+[0m[0m "GithubRepo" = "terraform-aws-eks"
          [32m+[0m[0m "Name"       = "eks-cluster-kandula_evgy"
          [32m+[0m[0m "env"        = "kandula_evgy"
        }
    }

[1m  # module.k8s.module.eks.aws_ec2_tag.cluster_primary_security_group["GithubOrg"][0m will be created
[0m  [32m+[0m[0m resource "aws_ec2_tag" "cluster_primary_security_group" {
      [32m+[0m[0m id          = (known after apply)
      [32m+[0m[0m key         = "GithubOrg"
      [32m+[0m[0m resource_id = (known after apply)
      [32m+[0m[0m value       = "terraform-aws-modules"
    }

[1m  # module.k8s.module.eks.aws_ec2_tag.cluster_primary_security_group["GithubRepo"][0m will be created
[0m  [32m+[0m[0m resource "aws_ec2_tag" "cluster_primary_security_group" {
      [32m+[0m[0m id          = (known after apply)
      [32m+[0m[0m key         = "GithubRepo"
      [32m+[0m[0m resource_id = (known after apply)
      [32m+[0m[0m value       = "terraform-aws-eks"
    }

[1m  # module.k8s.module.eks.aws_ec2_tag.cluster_primary_security_group["env"][0m will be created
[0m  [32m+[0m[0m resource "aws_ec2_tag" "cluster_primary_security_group" {
      [32m+[0m[0m id          = (known after apply)
      [32m+[0m[0m key         = "env"
      [32m+[0m[0m resource_id = (known after apply)
      [32m+[0m[0m value       = "kandula_evgy"
    }

[1m  # module.k8s.module.eks.aws_eks_cluster.this[0][0m will be created
[0m  [32m+[0m[0m resource "aws_eks_cluster" "this" {
      [32m+[0m[0m arn                       = (known after apply)
      [32m+[0m[0m certificate_authority     = (known after apply)
      [32m+[0m[0m cluster_id                = (known after apply)
      [32m+[0m[0m created_at                = (known after apply)
      [32m+[0m[0m enabled_cluster_log_types = [
          [32m+[0m[0m "api",
          [32m+[0m[0m "audit",
          [32m+[0m[0m "authenticator",
        ]
      [32m+[0m[0m endpoint                  = (known after apply)
      [32m+[0m[0m id                        = (known after apply)
      [32m+[0m[0m identity                  = (known after apply)
      [32m+[0m[0m name                      = "f-project-eks-cluster"
      [32m+[0m[0m platform_version          = (known after apply)
      [32m+[0m[0m role_arn                  = (known after apply)
      [32m+[0m[0m status                    = (known after apply)
      [32m+[0m[0m tags                      = {
          [32m+[0m[0m "GithubOrg"  = "terraform-aws-modules"
          [32m+[0m[0m "GithubRepo" = "terraform-aws-eks"
          [32m+[0m[0m "Name"       = "eks-cluster-kandula_evgy"
          [32m+[0m[0m "env"        = "kandula_evgy"
        }
      [32m+[0m[0m tags_all                  = {
          [32m+[0m[0m "GithubOrg"  = "terraform-aws-modules"
          [32m+[0m[0m "GithubRepo" = "terraform-aws-eks"
          [32m+[0m[0m "Name"       = "eks-cluster-kandula_evgy"
          [32m+[0m[0m "env"        = "kandula_evgy"
        }
      [32m+[0m[0m version                   = "1.24"

      [32m+[0m[0m encryption_config {
          [32m+[0m[0m resources = [
              [32m+[0m[0m "secrets",
            ]

          [32m+[0m[0m provider {
              [32m+[0m[0m key_arn = (known after apply)
            }
        }

      [32m+[0m[0m kubernetes_network_config {
          [32m+[0m[0m ip_family         = (known after apply)
          [32m+[0m[0m service_ipv4_cidr = (known after apply)
          [32m+[0m[0m service_ipv6_cidr = (known after apply)
        }

      [32m+[0m[0m timeouts {}

      [32m+[0m[0m vpc_config {
          [32m+[0m[0m cluster_security_group_id = (known after apply)
          [32m+[0m[0m endpoint_private_access   = true
          [32m+[0m[0m endpoint_public_access    = false
          [32m+[0m[0m public_access_cidrs       = [
              [32m+[0m[0m "0.0.0.0/0",
            ]
          [32m+[0m[0m security_group_ids        = (known after apply)
          [32m+[0m[0m subnet_ids                = (known after apply)
          [32m+[0m[0m vpc_id                    = (known after apply)
        }
    }

[1m  # module.k8s.module.eks.aws_iam_openid_connect_provider.oidc_provider[0][0m will be created
[0m  [32m+[0m[0m resource "aws_iam_openid_connect_provider" "oidc_provider" {
      [32m+[0m[0m arn             = (known after apply)
      [32m+[0m[0m client_id_list  = [
          [32m+[0m[0m "sts.amazonaws.com",
        ]
      [32m+[0m[0m id              = (known after apply)
      [32m+[0m[0m tags            = {
          [32m+[0m[0m "GithubOrg"  = "terraform-aws-modules"
          [32m+[0m[0m "GithubRepo" = "terraform-aws-eks"
          [32m+[0m[0m "Name"       = "eks-cluster-kandula_evgy"
          [32m+[0m[0m "env"        = "kandula_evgy"
        }
      [32m+[0m[0m tags_all        = {
          [32m+[0m[0m "GithubOrg"  = "terraform-aws-modules"
          [32m+[0m[0m "GithubRepo" = "terraform-aws-eks"
          [32m+[0m[0m "Name"       = "eks-cluster-kandula_evgy"
          [32m+[0m[0m "env"        = "kandula_evgy"
        }
      [32m+[0m[0m thumbprint_list = (known after apply)
      [32m+[0m[0m url             = (known after apply)
    }

[1m  # module.k8s.module.eks.aws_iam_policy.cluster_encryption[0][0m will be created
[0m  [32m+[0m[0m resource "aws_iam_policy" "cluster_encryption" {
      [32m+[0m[0m arn         = (known after apply)
      [32m+[0m[0m description = "Cluster encryption policy to allow cluster role to utilize CMK provided"
      [32m+[0m[0m id          = (known after apply)
      [32m+[0m[0m name        = (known after apply)
      [32m+[0m[0m name_prefix = "f-project-eks-cluster-cluster-ClusterEncryption"
      [32m+[0m[0m path        = "/"
      [32m+[0m[0m policy      = (known after apply)
      [32m+[0m[0m policy_id   = (known after apply)
      [32m+[0m[0m tags        = {
          [32m+[0m[0m "GithubOrg"  = "terraform-aws-modules"
          [32m+[0m[0m "GithubRepo" = "terraform-aws-eks"
          [32m+[0m[0m "Name"       = "eks-cluster-kandula_evgy"
          [32m+[0m[0m "env"        = "kandula_evgy"
        }
      [32m+[0m[0m tags_all    = {
          [32m+[0m[0m "GithubOrg"  = "terraform-aws-modules"
          [32m+[0m[0m "GithubRepo" = "terraform-aws-eks"
          [32m+[0m[0m "Name"       = "eks-cluster-kandula_evgy"
          [32m+[0m[0m "env"        = "kandula_evgy"
        }
    }

[1m  # module.k8s.module.eks.aws_iam_role.this[0][0m will be created
[0m  [32m+[0m[0m resource "aws_iam_role" "this" {
      [32m+[0m[0m arn                   = (known after apply)
      [32m+[0m[0m assume_role_policy    = jsonencode(
            {
              [32m+[0m[0m Statement = [
                  [32m+[0m[0m {
                      [32m+[0m[0m Action    = "sts:AssumeRole"
                      [32m+[0m[0m Effect    = "Allow"
                      [32m+[0m[0m Principal = {
                          [32m+[0m[0m Service = "eks.amazonaws.com"
                        }
                      [32m+[0m[0m Sid       = "EKSClusterAssumeRole"
                    },
                ]
              [32m+[0m[0m Version   = "2012-10-17"
            }
        )
      [32m+[0m[0m create_date           = (known after apply)
      [32m+[0m[0m force_detach_policies = true
      [32m+[0m[0m id                    = (known after apply)
      [32m+[0m[0m managed_policy_arns   = (known after apply)
      [32m+[0m[0m max_session_duration  = 3600
      [32m+[0m[0m name                  = (known after apply)
      [32m+[0m[0m name_prefix           = "f-project-eks-cluster-cluster-"
      [32m+[0m[0m path                  = "/"
      [32m+[0m[0m tags                  = {
          [32m+[0m[0m "GithubOrg"  = "terraform-aws-modules"
          [32m+[0m[0m "GithubRepo" = "terraform-aws-eks"
          [32m+[0m[0m "Name"       = "eks-cluster-kandula_evgy"
          [32m+[0m[0m "env"        = "kandula_evgy"
        }
      [32m+[0m[0m tags_all              = {
          [32m+[0m[0m "GithubOrg"  = "terraform-aws-modules"
          [32m+[0m[0m "GithubRepo" = "terraform-aws-eks"
          [32m+[0m[0m "Name"       = "eks-cluster-kandula_evgy"
          [32m+[0m[0m "env"        = "kandula_evgy"
        }
      [32m+[0m[0m unique_id             = (known after apply)

      [32m+[0m[0m inline_policy {
          [32m+[0m[0m name   = "f-project-eks-cluster-cluster"
          [32m+[0m[0m policy = jsonencode(
                {
                  [32m+[0m[0m Statement = [
                      [32m+[0m[0m {
                          [32m+[0m[0m Action   = [
                              [32m+[0m[0m "logs:CreateLogGroup",
                            ]
                          [32m+[0m[0m Effect   = "Deny"
                          [32m+[0m[0m Resource = "*"
                        },
                    ]
                  [32m+[0m[0m Version   = "2012-10-17"
                }
            )
        }
    }

[1m  # module.k8s.module.eks.aws_iam_role_policy_attachment.cluster_encryption[0][0m will be created
[0m  [32m+[0m[0m resource "aws_iam_role_policy_attachment" "cluster_encryption" {
      [32m+[0m[0m id         = (known after apply)
      [32m+[0m[0m policy_arn = (known after apply)
      [32m+[0m[0m role       = (known after apply)
    }

[1m  # module.k8s.module.eks.aws_iam_role_policy_attachment.this["AmazonEKSClusterPolicy"][0m will be created
[0m  [32m+[0m[0m resource "aws_iam_role_policy_attachment" "this" {
      [32m+[0m[0m id         = (known after apply)
      [32m+[0m[0m policy_arn = "arn:aws:iam::aws:policy/AmazonEKSClusterPolicy"
      [32m+[0m[0m role       = (known after apply)
    }

[1m  # module.k8s.module.eks.aws_iam_role_policy_attachment.this["AmazonEKSVPCResourceController"][0m will be created
[0m  [32m+[0m[0m resource "aws_iam_role_policy_attachment" "this" {
      [32m+[0m[0m id         = (known after apply)
      [32m+[0m[0m policy_arn = "arn:aws:iam::aws:policy/AmazonEKSVPCResourceController"
      [32m+[0m[0m role       = (known after apply)
    }

[1m  # module.k8s.module.eks.aws_security_group.cluster[0][0m will be created
[0m  [32m+[0m[0m resource "aws_security_group" "cluster" {
      [32m+[0m[0m arn                    = (known after apply)
      [32m+[0m[0m description            = "EKS cluster security group"
      [32m+[0m[0m egress                 = (known after apply)
      [32m+[0m[0m id                     = (known after apply)
      [32m+[0m[0m ingress                = (known after apply)
      [32m+[0m[0m name                   = (known after apply)
      [32m+[0m[0m name_prefix            = "f-project-eks-cluster-cluster-"
      [32m+[0m[0m owner_id               = (known after apply)
      [32m+[0m[0m revoke_rules_on_delete = false
      [32m+[0m[0m tags                   = {
          [32m+[0m[0m "GithubOrg"  = "terraform-aws-modules"
          [32m+[0m[0m "GithubRepo" = "terraform-aws-eks"
          [32m+[0m[0m "Name"       = "f-project-eks-cluster-cluster"
          [32m+[0m[0m "env"        = "kandula_evgy"
        }
      [32m+[0m[0m tags_all               = {
          [32m+[0m[0m "GithubOrg"  = "terraform-aws-modules"
          [32m+[0m[0m "GithubRepo" = "terraform-aws-eks"
          [32m+[0m[0m "Name"       = "f-project-eks-cluster-cluster"
          [32m+[0m[0m "env"        = "kandula_evgy"
        }
      [32m+[0m[0m vpc_id                 = (known after apply)
    }

[1m  # module.k8s.module.eks.aws_security_group.node[0][0m will be created
[0m  [32m+[0m[0m resource "aws_security_group" "node" {
      [32m+[0m[0m arn                    = (known after apply)
      [32m+[0m[0m description            = "EKS node shared security group"
      [32m+[0m[0m egress                 = (known after apply)
      [32m+[0m[0m id                     = (known after apply)
      [32m+[0m[0m ingress                = (known after apply)
      [32m+[0m[0m name                   = (known after apply)
      [32m+[0m[0m name_prefix            = "f-project-eks-cluster-node-"
      [32m+[0m[0m owner_id               = (known after apply)
      [32m+[0m[0m revoke_rules_on_delete = false
      [32m+[0m[0m tags                   = {
          [32m+[0m[0m "GithubOrg"                                   = "terraform-aws-modules"
          [32m+[0m[0m "GithubRepo"                                  = "terraform-aws-eks"
          [32m+[0m[0m "Name"                                        = "f-project-eks-cluster-node"
          [32m+[0m[0m "env"                                         = "kandula_evgy"
          [32m+[0m[0m "kubernetes.io/cluster/f-project-eks-cluster" = "owned"
        }
      [32m+[0m[0m tags_all               = {
          [32m+[0m[0m "GithubOrg"                                   = "terraform-aws-modules"
          [32m+[0m[0m "GithubRepo"                                  = "terraform-aws-eks"
          [32m+[0m[0m "Name"                                        = "f-project-eks-cluster-node"
          [32m+[0m[0m "env"                                         = "kandula_evgy"
          [32m+[0m[0m "kubernetes.io/cluster/f-project-eks-cluster" = "owned"
        }
      [32m+[0m[0m vpc_id                 = (known after apply)
    }

[1m  # module.k8s.module.eks.aws_security_group_rule.cluster["ingress_nodes_443"][0m will be created
[0m  [32m+[0m[0m resource "aws_security_group_rule" "cluster" {
      [32m+[0m[0m description              = "Node groups to cluster API"
      [32m+[0m[0m from_port                = 443
      [32m+[0m[0m id                       = (known after apply)
      [32m+[0m[0m protocol                 = "tcp"
      [32m+[0m[0m security_group_id        = (known after apply)
      [32m+[0m[0m security_group_rule_id   = (known after apply)
      [32m+[0m[0m self                     = false
      [32m+[0m[0m source_security_group_id = (known after apply)
      [32m+[0m[0m to_port                  = 443
      [32m+[0m[0m type                     = "ingress"
    }

[1m  # module.k8s.module.eks.aws_security_group_rule.node["egress_all"][0m will be created
[0m  [32m+[0m[0m resource "aws_security_group_rule" "node" {
      [32m+[0m[0m cidr_blocks              = [
          [32m+[0m[0m "0.0.0.0/0",
        ]
      [32m+[0m[0m description              = "Allow all egress"
      [32m+[0m[0m from_port                = 0
      [32m+[0m[0m id                       = (known after apply)
      [32m+[0m[0m prefix_list_ids          = []
      [32m+[0m[0m protocol                 = "-1"
      [32m+[0m[0m security_group_id        = (known after apply)
      [32m+[0m[0m security_group_rule_id   = (known after apply)
      [32m+[0m[0m self                     = false
      [32m+[0m[0m source_security_group_id = (known after apply)
      [32m+[0m[0m to_port                  = 0
      [32m+[0m[0m type                     = "egress"
    }

[1m  # module.k8s.module.eks.aws_security_group_rule.node["ingress_cluster_443"][0m will be created
[0m  [32m+[0m[0m resource "aws_security_group_rule" "node" {
      [32m+[0m[0m description              = "Cluster API to node groups"
      [32m+[0m[0m from_port                = 443
      [32m+[0m[0m id                       = (known after apply)
      [32m+[0m[0m prefix_list_ids          = []
      [32m+[0m[0m protocol                 = "tcp"
      [32m+[0m[0m security_group_id        = (known after apply)
      [32m+[0m[0m security_group_rule_id   = (known after apply)
      [32m+[0m[0m self                     = false
      [32m+[0m[0m source_security_group_id = (known after apply)
      [32m+[0m[0m to_port                  = 443
      [32m+[0m[0m type                     = "ingress"
    }

[1m  # module.k8s.module.eks.aws_security_group_rule.node["ingress_cluster_4443_webhook"][0m will be created
[0m  [32m+[0m[0m resource "aws_security_group_rule" "node" {
      [32m+[0m[0m description              = "Cluster API to node 4443/tcp webhook"
      [32m+[0m[0m from_port                = 4443
      [32m+[0m[0m id                       = (known after apply)
      [32m+[0m[0m prefix_list_ids          = []
      [32m+[0m[0m protocol                 = "tcp"
      [32m+[0m[0m security_group_id        = (known after apply)
      [32m+[0m[0m security_group_rule_id   = (known after apply)
      [32m+[0m[0m self                     = false
      [32m+[0m[0m source_security_group_id = (known after apply)
      [32m+[0m[0m to_port                  = 4443
      [32m+[0m[0m type                     = "ingress"
    }

[1m  # module.k8s.module.eks.aws_security_group_rule.node["ingress_cluster_6443_webhook"][0m will be created
[0m  [32m+[0m[0m resource "aws_security_group_rule" "node" {
      [32m+[0m[0m description              = "Cluster API to node 6443/tcp webhook"
      [32m+[0m[0m from_port                = 6443
      [32m+[0m[0m id                       = (known after apply)
      [32m+[0m[0m prefix_list_ids          = []
      [32m+[0m[0m protocol                 = "tcp"
      [32m+[0m[0m security_group_id        = (known after apply)
      [32m+[0m[0m security_group_rule_id   = (known after apply)
      [32m+[0m[0m self                     = false
      [32m+[0m[0m source_security_group_id = (known after apply)
      [32m+[0m[0m to_port                  = 6443
      [32m+[0m[0m type                     = "ingress"
    }

[1m  # module.k8s.module.eks.aws_security_group_rule.node["ingress_cluster_8443_webhook"][0m will be created
[0m  [32m+[0m[0m resource "aws_security_group_rule" "node" {
      [32m+[0m[0m description              = "Cluster API to node 8443/tcp webhook"
      [32m+[0m[0m from_port                = 8443
      [32m+[0m[0m id                       = (known after apply)
      [32m+[0m[0m prefix_list_ids          = []
      [32m+[0m[0m protocol                 = "tcp"
      [32m+[0m[0m security_group_id        = (known after apply)
      [32m+[0m[0m security_group_rule_id   = (known after apply)
      [32m+[0m[0m self                     = false
      [32m+[0m[0m source_security_group_id = (known after apply)
      [32m+[0m[0m to_port                  = 8443
      [32m+[0m[0m type                     = "ingress"
    }

[1m  # module.k8s.module.eks.aws_security_group_rule.node["ingress_cluster_9443_webhook"][0m will be created
[0m  [32m+[0m[0m resource "aws_security_group_rule" "node" {
      [32m+[0m[0m description              = "Cluster API to node 9443/tcp webhook"
      [32m+[0m[0m from_port                = 9443
      [32m+[0m[0m id                       = (known after apply)
      [32m+[0m[0m prefix_list_ids          = []
      [32m+[0m[0m protocol                 = "tcp"
      [32m+[0m[0m security_group_id        = (known after apply)
      [32m+[0m[0m security_group_rule_id   = (known after apply)
      [32m+[0m[0m self                     = false
      [32m+[0m[0m source_security_group_id = (known after apply)
      [32m+[0m[0m to_port                  = 9443
      [32m+[0m[0m type                     = "ingress"
    }

[1m  # module.k8s.module.eks.aws_security_group_rule.node["ingress_cluster_kubelet"][0m will be created
[0m  [32m+[0m[0m resource "aws_security_group_rule" "node" {
      [32m+[0m[0m description              = "Cluster API to node kubelets"
      [32m+[0m[0m from_port                = 10250
      [32m+[0m[0m id                       = (known after apply)
      [32m+[0m[0m prefix_list_ids          = []
      [32m+[0m[0m protocol                 = "tcp"
      [32m+[0m[0m security_group_id        = (known after apply)
      [32m+[0m[0m security_group_rule_id   = (known after apply)
      [32m+[0m[0m self                     = false
      [32m+[0m[0m source_security_group_id = (known after apply)
      [32m+[0m[0m to_port                  = 10250
      [32m+[0m[0m type                     = "ingress"
    }

[1m  # module.k8s.module.eks.aws_security_group_rule.node["ingress_nodes_ephemeral"][0m will be created
[0m  [32m+[0m[0m resource "aws_security_group_rule" "node" {
      [32m+[0m[0m description              = "Node to node ingress on ephemeral ports"
      [32m+[0m[0m from_port                = 1025
      [32m+[0m[0m id                       = (known after apply)
      [32m+[0m[0m prefix_list_ids          = []
      [32m+[0m[0m protocol                 = "tcp"
      [32m+[0m[0m security_group_id        = (known after apply)
      [32m+[0m[0m security_group_rule_id   = (known after apply)
      [32m+[0m[0m self                     = true
      [32m+[0m[0m source_security_group_id = (known after apply)
      [32m+[0m[0m to_port                  = 65535
      [32m+[0m[0m type                     = "ingress"
    }

[1m  # module.k8s.module.eks.aws_security_group_rule.node["ingress_self_coredns_tcp"][0m will be created
[0m  [32m+[0m[0m resource "aws_security_group_rule" "node" {
      [32m+[0m[0m description              = "Node to node CoreDNS"
      [32m+[0m[0m from_port                = 53
      [32m+[0m[0m id                       = (known after apply)
      [32m+[0m[0m prefix_list_ids          = []
      [32m+[0m[0m protocol                 = "tcp"
      [32m+[0m[0m security_group_id        = (known after apply)
      [32m+[0m[0m security_group_rule_id   = (known after apply)
      [32m+[0m[0m self                     = true
      [32m+[0m[0m source_security_group_id = (known after apply)
      [32m+[0m[0m to_port                  = 53
      [32m+[0m[0m type                     = "ingress"
    }

[1m  # module.k8s.module.eks.aws_security_group_rule.node["ingress_self_coredns_udp"][0m will be created
[0m  [32m+[0m[0m resource "aws_security_group_rule" "node" {
      [32m+[0m[0m description              = "Node to node CoreDNS UDP"
      [32m+[0m[0m from_port                = 53
      [32m+[0m[0m id                       = (known after apply)
      [32m+[0m[0m prefix_list_ids          = []
      [32m+[0m[0m protocol                 = "udp"
      [32m+[0m[0m security_group_id        = (known after apply)
      [32m+[0m[0m security_group_rule_id   = (known after apply)
      [32m+[0m[0m self                     = true
      [32m+[0m[0m source_security_group_id = (known after apply)
      [32m+[0m[0m to_port                  = 53
      [32m+[0m[0m type                     = "ingress"
    }

[1m  # module.k8s.module.eks.time_sleep.this[0][0m will be created
[0m  [32m+[0m[0m resource "time_sleep" "this" {
      [32m+[0m[0m create_duration = "30s"
      [32m+[0m[0m id              = (known after apply)
      [32m+[0m[0m triggers        = {
          [32m+[0m[0m "cluster_name"    = "f-project-eks-cluster"
          [32m+[0m[0m "cluster_version" = "1.24"
        }
    }

[1m  # module.k8s.module.eks_auth.data.http.wait_for_cluster[0m will be read during apply
  # (config refers to values not yet known)
[0m [36m<=[0m[0m data "http" "wait_for_cluster" {
      [32m+[0m[0m body             = (known after apply)
      [32m+[0m[0m ca_certificate   = (known after apply)
      [32m+[0m[0m id               = (known after apply)
      [32m+[0m[0m response_headers = (known after apply)
      [32m+[0m[0m timeout          = 300
      [32m+[0m[0m url              = (known after apply)
    }

[1m  # module.k8s.module.eks_auth.kubernetes_config_map_v1_data.aws_auth[0][0m will be created
[0m  [32m+[0m[0m resource "kubernetes_config_map_v1_data" "aws_auth" {
      [32m+[0m[0m data          = (known after apply)
      [32m+[0m[0m field_manager = "Terraform"
      [32m+[0m[0m force         = true
      [32m+[0m[0m id            = (known after apply)

      [32m+[0m[0m metadata {
          [32m+[0m[0m name      = "aws-auth"
          [32m+[0m[0m namespace = "kube-system"
        }
    }

[1m  # module.k8s.module.iam_iam-assumable-role-with-oidc.data.aws_iam_policy_document.assume_role_with_oidc[0][0m will be read during apply
  # (config refers to values not yet known)
[0m [36m<=[0m[0m data "aws_iam_policy_document" "assume_role_with_oidc" {
      [32m+[0m[0m id   = (known after apply)
      [32m+[0m[0m json = (known after apply)
    }

[1m  # module.k8s.module.iam_iam-assumable-role-with-oidc.aws_iam_role.this[0][0m will be created
[0m  [32m+[0m[0m resource "aws_iam_role" "this" {
      [32m+[0m[0m arn                   = (known after apply)
      [32m+[0m[0m assume_role_policy    = (known after apply)
      [32m+[0m[0m create_date           = (known after apply)
      [32m+[0m[0m force_detach_policies = false
      [32m+[0m[0m id                    = (known after apply)
      [32m+[0m[0m managed_policy_arns   = (known after apply)
      [32m+[0m[0m max_session_duration  = 3600
      [32m+[0m[0m name                  = "opsschool-role"
      [32m+[0m[0m name_prefix           = (known after apply)
      [32m+[0m[0m path                  = "/"
      [32m+[0m[0m tags_all              = (known after apply)
      [32m+[0m[0m unique_id             = (known after apply)
    }

[1m  # module.k8s.module.iam_iam-assumable-role-with-oidc.aws_iam_role_policy_attachment.custom[0][0m will be created
[0m  [32m+[0m[0m resource "aws_iam_role_policy_attachment" "custom" {
      [32m+[0m[0m id         = (known after apply)
      [32m+[0m[0m policy_arn = "arn:aws:iam::aws:policy/AmazonEC2FullAccess"
      [32m+[0m[0m role       = "opsschool-role"
    }

[1m  # module.k8s.module.eks.module.eks_managed_node_group["group_1"].aws_eks_node_group.this[0][0m will be created
[0m  [32m+[0m[0m resource "aws_eks_node_group" "this" {
      [32m+[0m[0m ami_type               = "AL2_x86_64"
      [32m+[0m[0m arn                    = (known after apply)
      [32m+[0m[0m capacity_type          = (known after apply)
      [32m+[0m[0m cluster_name           = "f-project-eks-cluster"
      [32m+[0m[0m disk_size              = (known after apply)
      [32m+[0m[0m id                     = (known after apply)
      [32m+[0m[0m instance_types         = [
          [32m+[0m[0m "t3.medium",
        ]
      [32m+[0m[0m node_group_name        = (known after apply)
      [32m+[0m[0m node_group_name_prefix = "group_1-"
      [32m+[0m[0m node_role_arn          = (known after apply)
      [32m+[0m[0m release_version        = (known after apply)
      [32m+[0m[0m resources              = (known after apply)
      [32m+[0m[0m status                 = (known after apply)
      [32m+[0m[0m subnet_ids             = (known after apply)
      [32m+[0m[0m tags                   = {
          [32m+[0m[0m "GithubOrg"  = "terraform-aws-modules"
          [32m+[0m[0m "GithubRepo" = "terraform-aws-eks"
          [32m+[0m[0m "Name"       = "group_1"
          [32m+[0m[0m "env"        = "kandula_evgy"
        }
      [32m+[0m[0m tags_all               = {
          [32m+[0m[0m "GithubOrg"  = "terraform-aws-modules"
          [32m+[0m[0m "GithubRepo" = "terraform-aws-eks"
          [32m+[0m[0m "Name"       = "group_1"
          [32m+[0m[0m "env"        = "kandula_evgy"
        }
      [32m+[0m[0m version                = "1.24"

      [32m+[0m[0m launch_template {
          [32m+[0m[0m id      = (known after apply)
          [32m+[0m[0m name    = (known after apply)
          [32m+[0m[0m version = (known after apply)
        }

      [32m+[0m[0m scaling_config {
          [32m+[0m[0m desired_size = 2
          [32m+[0m[0m max_size     = 6
          [32m+[0m[0m min_size     = 2
        }

      [32m+[0m[0m timeouts {}

      [32m+[0m[0m update_config {
          [32m+[0m[0m max_unavailable_percentage = 33
        }
    }

[1m  # module.k8s.module.eks.module.eks_managed_node_group["group_1"].aws_iam_role.this[0][0m will be created
[0m  [32m+[0m[0m resource "aws_iam_role" "this" {
      [32m+[0m[0m arn                   = (known after apply)
      [32m+[0m[0m assume_role_policy    = jsonencode(
            {
              [32m+[0m[0m Statement = [
                  [32m+[0m[0m {
                      [32m+[0m[0m Action    = "sts:AssumeRole"
                      [32m+[0m[0m Effect    = "Allow"
                      [32m+[0m[0m Principal = {
                          [32m+[0m[0m Service = "ec2.amazonaws.com"
                        }
                      [32m+[0m[0m Sid       = "EKSNodeAssumeRole"
                    },
                ]
              [32m+[0m[0m Version   = "2012-10-17"
            }
        )
      [32m+[0m[0m create_date           = (known after apply)
      [32m+[0m[0m description           = "EKS managed node group IAM role"
      [32m+[0m[0m force_detach_policies = true
      [32m+[0m[0m id                    = (known after apply)
      [32m+[0m[0m managed_policy_arns   = (known after apply)
      [32m+[0m[0m max_session_duration  = 3600
      [32m+[0m[0m name                  = (known after apply)
      [32m+[0m[0m name_prefix           = "group_1-eks-node-group-"
      [32m+[0m[0m path                  = "/"
      [32m+[0m[0m tags                  = {
          [32m+[0m[0m "GithubOrg"  = "terraform-aws-modules"
          [32m+[0m[0m "GithubRepo" = "terraform-aws-eks"
          [32m+[0m[0m "Name"       = "eks-cluster-kandula_evgy"
          [32m+[0m[0m "env"        = "kandula_evgy"
        }
      [32m+[0m[0m tags_all              = {
          [32m+[0m[0m "GithubOrg"  = "terraform-aws-modules"
          [32m+[0m[0m "GithubRepo" = "terraform-aws-eks"
          [32m+[0m[0m "Name"       = "eks-cluster-kandula_evgy"
          [32m+[0m[0m "env"        = "kandula_evgy"
        }
      [32m+[0m[0m unique_id             = (known after apply)
    }

[1m  # module.k8s.module.eks.module.eks_managed_node_group["group_1"].aws_iam_role_policy_attachment.this["arn:aws:iam::aws:policy/AmazonEC2ContainerRegistryReadOnly"][0m will be created
[0m  [32m+[0m[0m resource "aws_iam_role_policy_attachment" "this" {
      [32m+[0m[0m id         = (known after apply)
      [32m+[0m[0m policy_arn = "arn:aws:iam::aws:policy/AmazonEC2ContainerRegistryReadOnly"
      [32m+[0m[0m role       = (known after apply)
    }

[1m  # module.k8s.module.eks.module.eks_managed_node_group["group_1"].aws_iam_role_policy_attachment.this["arn:aws:iam::aws:policy/AmazonEKSWorkerNodePolicy"][0m will be created
[0m  [32m+[0m[0m resource "aws_iam_role_policy_attachment" "this" {
      [32m+[0m[0m id         = (known after apply)
      [32m+[0m[0m policy_arn = "arn:aws:iam::aws:policy/AmazonEKSWorkerNodePolicy"
      [32m+[0m[0m role       = (known after apply)
    }

[1m  # module.k8s.module.eks.module.eks_managed_node_group["group_1"].aws_iam_role_policy_attachment.this["arn:aws:iam::aws:policy/AmazonEKS_CNI_Policy"][0m will be created
[0m  [32m+[0m[0m resource "aws_iam_role_policy_attachment" "this" {
      [32m+[0m[0m id         = (known after apply)
      [32m+[0m[0m policy_arn = "arn:aws:iam::aws:policy/AmazonEKS_CNI_Policy"
      [32m+[0m[0m role       = (known after apply)
    }

[1m  # module.k8s.module.eks.module.eks_managed_node_group["group_1"].aws_launch_template.this[0][0m will be created
[0m  [32m+[0m[0m resource "aws_launch_template" "this" {
      [32m+[0m[0m arn                    = (known after apply)
      [32m+[0m[0m default_version        = (known after apply)
      [32m+[0m[0m description            = "Custom launch template for group_1 EKS managed node group"
      [32m+[0m[0m id                     = (known after apply)
      [32m+[0m[0m latest_version         = (known after apply)
      [32m+[0m[0m name                   = (known after apply)
      [32m+[0m[0m name_prefix            = "group_1-"
      [32m+[0m[0m tags                   = {
          [32m+[0m[0m "GithubOrg"  = "terraform-aws-modules"
          [32m+[0m[0m "GithubRepo" = "terraform-aws-eks"
          [32m+[0m[0m "Name"       = "eks-cluster-kandula_evgy"
          [32m+[0m[0m "env"        = "kandula_evgy"
        }
      [32m+[0m[0m tags_all               = {
          [32m+[0m[0m "GithubOrg"  = "terraform-aws-modules"
          [32m+[0m[0m "GithubRepo" = "terraform-aws-eks"
          [32m+[0m[0m "Name"       = "eks-cluster-kandula_evgy"
          [32m+[0m[0m "env"        = "kandula_evgy"
        }
      [32m+[0m[0m update_default_version = true
      [32m+[0m[0m vpc_security_group_ids = (known after apply)

      [32m+[0m[0m metadata_options {
          [32m+[0m[0m http_endpoint               = "enabled"
          [32m+[0m[0m http_protocol_ipv6          = (known after apply)
          [32m+[0m[0m http_put_response_hop_limit = 2
          [32m+[0m[0m http_tokens                 = "required"
          [32m+[0m[0m instance_metadata_tags      = (known after apply)
        }

      [32m+[0m[0m monitoring {
          [32m+[0m[0m enabled = true
        }

      [32m+[0m[0m tag_specifications {
          [32m+[0m[0m resource_type = "instance"
          [32m+[0m[0m tags          = {
              [32m+[0m[0m "GithubOrg"  = "terraform-aws-modules"
              [32m+[0m[0m "GithubRepo" = "terraform-aws-eks"
              [32m+[0m[0m "Name"       = "group_1"
              [32m+[0m[0m "env"        = "kandula_evgy"
            }
        }
      [32m+[0m[0m tag_specifications {
          [32m+[0m[0m resource_type = "network-interface"
          [32m+[0m[0m tags          = {
              [32m+[0m[0m "GithubOrg"  = "terraform-aws-modules"
              [32m+[0m[0m "GithubRepo" = "terraform-aws-eks"
              [32m+[0m[0m "Name"       = "group_1"
              [32m+[0m[0m "env"        = "kandula_evgy"
            }
        }
      [32m+[0m[0m tag_specifications {
          [32m+[0m[0m resource_type = "volume"
          [32m+[0m[0m tags          = {
              [32m+[0m[0m "GithubOrg"  = "terraform-aws-modules"
              [32m+[0m[0m "GithubRepo" = "terraform-aws-eks"
              [32m+[0m[0m "Name"       = "group_1"
              [32m+[0m[0m "env"        = "kandula_evgy"
            }
        }
    }

[1m  # module.k8s.module.eks.module.eks_managed_node_group["group_2"].aws_eks_node_group.this[0][0m will be created
[0m  [32m+[0m[0m resource "aws_eks_node_group" "this" {
      [32m+[0m[0m ami_type               = "AL2_x86_64"
      [32m+[0m[0m arn                    = (known after apply)
      [32m+[0m[0m capacity_type          = (known after apply)
      [32m+[0m[0m cluster_name           = "f-project-eks-cluster"
      [32m+[0m[0m disk_size              = (known after apply)
      [32m+[0m[0m id                     = (known after apply)
      [32m+[0m[0m instance_types         = [
          [32m+[0m[0m "t3.medium",
        ]
      [32m+[0m[0m node_group_name        = (known after apply)
      [32m+[0m[0m node_group_name_prefix = "group_2-"
      [32m+[0m[0m node_role_arn          = (known after apply)
      [32m+[0m[0m release_version        = (known after apply)
      [32m+[0m[0m resources              = (known after apply)
      [32m+[0m[0m status                 = (known after apply)
      [32m+[0m[0m subnet_ids             = (known after apply)
      [32m+[0m[0m tags                   = {
          [32m+[0m[0m "GithubOrg"  = "terraform-aws-modules"
          [32m+[0m[0m "GithubRepo" = "terraform-aws-eks"
          [32m+[0m[0m "Name"       = "group_2"
          [32m+[0m[0m "env"        = "kandula_evgy"
        }
      [32m+[0m[0m tags_all               = {
          [32m+[0m[0m "GithubOrg"  = "terraform-aws-modules"
          [32m+[0m[0m "GithubRepo" = "terraform-aws-eks"
          [32m+[0m[0m "Name"       = "group_2"
          [32m+[0m[0m "env"        = "kandula_evgy"
        }
      [32m+[0m[0m version                = "1.24"

      [32m+[0m[0m launch_template {
          [32m+[0m[0m id      = (known after apply)
          [32m+[0m[0m name    = (known after apply)
          [32m+[0m[0m version = (known after apply)
        }

      [32m+[0m[0m scaling_config {
          [32m+[0m[0m desired_size = 2
          [32m+[0m[0m max_size     = 6
          [32m+[0m[0m min_size     = 2
        }

      [32m+[0m[0m timeouts {}

      [32m+[0m[0m update_config {
          [32m+[0m[0m max_unavailable_percentage = 33
        }
    }

[1m  # module.k8s.module.eks.module.eks_managed_node_group["group_2"].aws_iam_role.this[0][0m will be created
[0m  [32m+[0m[0m resource "aws_iam_role" "this" {
      [32m+[0m[0m arn                   = (known after apply)
      [32m+[0m[0m assume_role_policy    = jsonencode(
            {
              [32m+[0m[0m Statement = [
                  [32m+[0m[0m {
                      [32m+[0m[0m Action    = "sts:AssumeRole"
                      [32m+[0m[0m Effect    = "Allow"
                      [32m+[0m[0m Principal = {
                          [32m+[0m[0m Service = "ec2.amazonaws.com"
                        }
                      [32m+[0m[0m Sid       = "EKSNodeAssumeRole"
                    },
                ]
              [32m+[0m[0m Version   = "2012-10-17"
            }
        )
      [32m+[0m[0m create_date           = (known after apply)
      [32m+[0m[0m description           = "EKS managed node group IAM role"
      [32m+[0m[0m force_detach_policies = true
      [32m+[0m[0m id                    = (known after apply)
      [32m+[0m[0m managed_policy_arns   = (known after apply)
      [32m+[0m[0m max_session_duration  = 3600
      [32m+[0m[0m name                  = (known after apply)
      [32m+[0m[0m name_prefix           = "group_2-eks-node-group-"
      [32m+[0m[0m path                  = "/"
      [32m+[0m[0m tags                  = {
          [32m+[0m[0m "GithubOrg"  = "terraform-aws-modules"
          [32m+[0m[0m "GithubRepo" = "terraform-aws-eks"
          [32m+[0m[0m "Name"       = "eks-cluster-kandula_evgy"
          [32m+[0m[0m "env"        = "kandula_evgy"
        }
      [32m+[0m[0m tags_all              = {
          [32m+[0m[0m "GithubOrg"  = "terraform-aws-modules"
          [32m+[0m[0m "GithubRepo" = "terraform-aws-eks"
          [32m+[0m[0m "Name"       = "eks-cluster-kandula_evgy"
          [32m+[0m[0m "env"        = "kandula_evgy"
        }
      [32m+[0m[0m unique_id             = (known after apply)
    }

[1m  # module.k8s.module.eks.module.eks_managed_node_group["group_2"].aws_iam_role_policy_attachment.this["arn:aws:iam::aws:policy/AmazonEC2ContainerRegistryReadOnly"][0m will be created
[0m  [32m+[0m[0m resource "aws_iam_role_policy_attachment" "this" {
      [32m+[0m[0m id         = (known after apply)
      [32m+[0m[0m policy_arn = "arn:aws:iam::aws:policy/AmazonEC2ContainerRegistryReadOnly"
      [32m+[0m[0m role       = (known after apply)
    }

[1m  # module.k8s.module.eks.module.eks_managed_node_group["group_2"].aws_iam_role_policy_attachment.this["arn:aws:iam::aws:policy/AmazonEKSWorkerNodePolicy"][0m will be created
[0m  [32m+[0m[0m resource "aws_iam_role_policy_attachment" "this" {
      [32m+[0m[0m id         = (known after apply)
      [32m+[0m[0m policy_arn = "arn:aws:iam::aws:policy/AmazonEKSWorkerNodePolicy"
      [32m+[0m[0m role       = (known after apply)
    }

[1m  # module.k8s.module.eks.module.eks_managed_node_group["group_2"].aws_iam_role_policy_attachment.this["arn:aws:iam::aws:policy/AmazonEKS_CNI_Policy"][0m will be created
[0m  [32m+[0m[0m resource "aws_iam_role_policy_attachment" "this" {
      [32m+[0m[0m id         = (known after apply)
      [32m+[0m[0m policy_arn = "arn:aws:iam::aws:policy/AmazonEKS_CNI_Policy"
      [32m+[0m[0m role       = (known after apply)
    }

[1m  # module.k8s.module.eks.module.eks_managed_node_group["group_2"].aws_launch_template.this[0][0m will be created
[0m  [32m+[0m[0m resource "aws_launch_template" "this" {
      [32m+[0m[0m arn                    = (known after apply)
      [32m+[0m[0m default_version        = (known after apply)
      [32m+[0m[0m description            = "Custom launch template for group_2 EKS managed node group"
      [32m+[0m[0m id                     = (known after apply)
      [32m+[0m[0m latest_version         = (known after apply)
      [32m+[0m[0m name                   = (known after apply)
      [32m+[0m[0m name_prefix            = "group_2-"
      [32m+[0m[0m tags                   = {
          [32m+[0m[0m "GithubOrg"  = "terraform-aws-modules"
          [32m+[0m[0m "GithubRepo" = "terraform-aws-eks"
          [32m+[0m[0m "Name"       = "eks-cluster-kandula_evgy"
          [32m+[0m[0m "env"        = "kandula_evgy"
        }
      [32m+[0m[0m tags_all               = {
          [32m+[0m[0m "GithubOrg"  = "terraform-aws-modules"
          [32m+[0m[0m "GithubRepo" = "terraform-aws-eks"
          [32m+[0m[0m "Name"       = "eks-cluster-kandula_evgy"
          [32m+[0m[0m "env"        = "kandula_evgy"
        }
      [32m+[0m[0m update_default_version = true
      [32m+[0m[0m vpc_security_group_ids = (known after apply)

      [32m+[0m[0m metadata_options {
          [32m+[0m[0m http_endpoint               = "enabled"
          [32m+[0m[0m http_protocol_ipv6          = (known after apply)
          [32m+[0m[0m http_put_response_hop_limit = 2
          [32m+[0m[0m http_tokens                 = "required"
          [32m+[0m[0m instance_metadata_tags      = (known after apply)
        }

      [32m+[0m[0m monitoring {
          [32m+[0m[0m enabled = true
        }

      [32m+[0m[0m tag_specifications {
          [32m+[0m[0m resource_type = "instance"
          [32m+[0m[0m tags          = {
              [32m+[0m[0m "GithubOrg"  = "terraform-aws-modules"
              [32m+[0m[0m "GithubRepo" = "terraform-aws-eks"
              [32m+[0m[0m "Name"       = "group_2"
              [32m+[0m[0m "env"        = "kandula_evgy"
            }
        }
      [32m+[0m[0m tag_specifications {
          [32m+[0m[0m resource_type = "network-interface"
          [32m+[0m[0m tags          = {
              [32m+[0m[0m "GithubOrg"  = "terraform-aws-modules"
              [32m+[0m[0m "GithubRepo" = "terraform-aws-eks"
              [32m+[0m[0m "Name"       = "group_2"
              [32m+[0m[0m "env"        = "kandula_evgy"
            }
        }
      [32m+[0m[0m tag_specifications {
          [32m+[0m[0m resource_type = "volume"
          [32m+[0m[0m tags          = {
              [32m+[0m[0m "GithubOrg"  = "terraform-aws-modules"
              [32m+[0m[0m "GithubRepo" = "terraform-aws-eks"
              [32m+[0m[0m "Name"       = "group_2"
              [32m+[0m[0m "env"        = "kandula_evgy"
            }
        }
    }

[1m  # module.k8s.module.eks.module.kms.data.aws_iam_policy_document.this[0][0m will be read during apply
  # (config refers to values not yet known)
[0m [36m<=[0m[0m data "aws_iam_policy_document" "this" {
      [32m+[0m[0m id                        = (known after apply)
      [32m+[0m[0m json                      = (known after apply)
      [32m+[0m[0m override_policy_documents = []
      [32m+[0m[0m source_policy_documents   = []

      [32m+[0m[0m statement {
          [32m+[0m[0m actions   = [
              [32m+[0m[0m "kms:CancelKeyDeletion",
              [32m+[0m[0m "kms:Create*",
              [32m+[0m[0m "kms:Delete*",
              [32m+[0m[0m "kms:Describe*",
              [32m+[0m[0m "kms:Disable*",
              [32m+[0m[0m "kms:Enable*",
              [32m+[0m[0m "kms:Get*",
              [32m+[0m[0m "kms:List*",
              [32m+[0m[0m "kms:Put*",
              [32m+[0m[0m "kms:Revoke*",
              [32m+[0m[0m "kms:ScheduleKeyDeletion",
              [32m+[0m[0m "kms:TagResource",
              [32m+[0m[0m "kms:UntagResource",
              [32m+[0m[0m "kms:Update*",
            ]
          [32m+[0m[0m resources = [
              [32m+[0m[0m "*",
            ]
          [32m+[0m[0m sid       = "KeyAdministration"

          [32m+[0m[0m principals {
              [32m+[0m[0m identifiers = [
                  [32m+[0m[0m "arn:aws:iam::015098999341:user/evgy",
                ]
              [32m+[0m[0m type        = "AWS"
            }
        }
      [32m+[0m[0m statement {
          [32m+[0m[0m actions   = [
              [32m+[0m[0m "kms:Decrypt",
              [32m+[0m[0m "kms:DescribeKey",
              [32m+[0m[0m "kms:Encrypt",
              [32m+[0m[0m "kms:GenerateDataKey*",
              [32m+[0m[0m "kms:ReEncrypt*",
            ]
          [32m+[0m[0m resources = [
              [32m+[0m[0m "*",
            ]
          [32m+[0m[0m sid       = "KeyUsage"

          [32m+[0m[0m principals {
              [32m+[0m[0m identifiers = [
                  [32m+[0m[0m (known after apply),
                ]
              [32m+[0m[0m type        = "AWS"
            }
        }
    }

[1m  # module.k8s.module.eks.module.kms.aws_kms_alias.this["cluster"][0m will be created
[0m  [32m+[0m[0m resource "aws_kms_alias" "this" {
      [32m+[0m[0m arn            = (known after apply)
      [32m+[0m[0m id             = (known after apply)
      [32m+[0m[0m name           = "alias/eks/f-project-eks-cluster"
      [32m+[0m[0m name_prefix    = (known after apply)
      [32m+[0m[0m target_key_arn = (known after apply)
      [32m+[0m[0m target_key_id  = (known after apply)
    }

[1m  # module.k8s.module.eks.module.kms.aws_kms_key.this[0][0m will be created
[0m  [32m+[0m[0m resource "aws_kms_key" "this" {
      [32m+[0m[0m arn                                = (known after apply)
      [32m+[0m[0m bypass_policy_lockout_safety_check = false
      [32m+[0m[0m customer_master_key_spec           = "SYMMETRIC_DEFAULT"
      [32m+[0m[0m description                        = "f-project-eks-cluster cluster encryption key"
      [32m+[0m[0m enable_key_rotation                = true
      [32m+[0m[0m id                                 = (known after apply)
      [32m+[0m[0m is_enabled                         = true
      [32m+[0m[0m key_id                             = (known after apply)
      [32m+[0m[0m key_usage                          = "ENCRYPT_DECRYPT"
      [32m+[0m[0m multi_region                       = false
      [32m+[0m[0m policy                             = (known after apply)
      [32m+[0m[0m tags                               = {
          [32m+[0m[0m "GithubOrg"  = "terraform-aws-modules"
          [32m+[0m[0m "GithubRepo" = "terraform-aws-eks"
          [32m+[0m[0m "Name"       = "eks-cluster-kandula_evgy"
          [32m+[0m[0m "env"        = "kandula_evgy"
        }
      [32m+[0m[0m tags_all                           = {
          [32m+[0m[0m "GithubOrg"  = "terraform-aws-modules"
          [32m+[0m[0m "GithubRepo" = "terraform-aws-eks"
          [32m+[0m[0m "Name"       = "eks-cluster-kandula_evgy"
          [32m+[0m[0m "env"        = "kandula_evgy"
        }
    }

[1mPlan:[0m 128 to add, 0 to change, 0 to destroy.
[0m
Changes to Outputs:
  [32m+[0m[0m consul_servers         = [
      [32m+[0m[0m [
          [32m+[0m[0m [90mnull[0m[0m,
          [32m+[0m[0m [90mnull[0m[0m,
          [32m+[0m[0m [90mnull[0m[0m,
        ],
    ]
  [32m+[0m[0m elastic_server_address = [
      [32m+[0m[0m [90mnull[0m[0m,
    ]
  [32m+[0m[0m jenkins_agent          = [
      [32m+[0m[0m [90mnull[0m[0m,
    ]
  [32m+[0m[0m jenkins_server         = [
      [32m+[0m[0m [90mnull[0m[0m,
    ]
  [32m+[0m[0m kibana_url             = (known after apply)
  [32m+[0m[0m vpc_id                 = (known after apply)
  [32m+[0m[0m vpn_access_url         = (known after apply)
[90m
─────────────────────────────────────────────────────────────────────────────[0m

Note: You didn't use the -out option to save this plan, so Terraform can't
guarantee to take exactly these actions if you run "terraform apply" now.
